// !$*UTF8*$!
{
	archiveVersion = 1;
	classes = {
	};
	objectVersion = 46;
	objects = {

/* Begin PBXAggregateTarget section */
		5A7B416EE38944FFBEF9479B /* install */ = {
			isa = PBXAggregateTarget;
			buildConfigurationList = 029E4555643947C5A88EBF9C /* Build configuration list for PBXAggregateTarget "install" */;
			buildPhases = (
				0EDDBDF22B8548D5804C1668 /* CMake PostBuild Rules */,
			);
			dependencies = (
				ED8161A99E5D4A56AF702309 /* PBXTargetDependency */,
			);
			name = install;
			productName = install;
		};
		5F493E2D02754AC383412611 /* ALL_BUILD */ = {
			isa = PBXAggregateTarget;
			buildConfigurationList = F75BAEB3DE844910B7E4AA2D /* Build configuration list for PBXAggregateTarget "ALL_BUILD" */;
			buildPhases = (
				4C4AE0CC58C740CBA0B033EE /* CMake Rules */,
			);
			dependencies = (
				5FAD06E2D9784E5A87DC4B7C /* PBXTargetDependency */,
				CEDD520A4B544C1EA8928AD1 /* PBXTargetDependency */,
			);
			name = ALL_BUILD;
			productName = ALL_BUILD;
		};
		BC2F3F2B44CC478B94BE33EB /* package */ = {
			isa = PBXAggregateTarget;
			buildConfigurationList = A0636B72115C4058AB2CB800 /* Build configuration list for PBXAggregateTarget "package" */;
			buildPhases = (
				3C3DC283EBA34E5AB416CF78 /* CMake PostBuild Rules */,
			);
			dependencies = (
				0BF2481383654F37A5725695 /* PBXTargetDependency */,
			);
			name = package;
			productName = package;
		};
		EBA73D7D8D4D4EF594850BAB /* RUN_TESTS */ = {
			isa = PBXAggregateTarget;
			buildConfigurationList = C0DC4FAB8F814DD6945837B1 /* Build configuration list for PBXAggregateTarget "RUN_TESTS" */;
			buildPhases = (
				2BB4BDD68B2B45CAB931196B /* CMake PostBuild Rules */,
			);
			dependencies = (
			);
			name = RUN_TESTS;
			productName = RUN_TESTS;
		};
		FA335D46BE514AE188ACC538 /* ZERO_CHECK */ = {
			isa = PBXAggregateTarget;
			buildConfigurationList = 2897E36E360F4BECB4AC63C0 /* Build configuration list for PBXAggregateTarget "ZERO_CHECK" */;
			buildPhases = (
				4D06B6FAE8E24BD99A4DE8B4 /* CMake Rules */,
			);
			dependencies = (
			);
			name = ZERO_CHECK;
			productName = ZERO_CHECK;
		};
/* End PBXAggregateTarget section */

/* Begin PBXBuildFile section */
		19FCA58041694644B12E5295 /* /Users/mac/Documents/GitHub/MacLearn/Source/opencv-3.4.6/apps/createsamples/utility.cpp */ = {isa = PBXBuildFile; fileRef = 8CEE2989E2784185962EC2DA /* /Users/mac/Documents/GitHub/MacLearn/Source/opencv-3.4.6/apps/createsamples/utility.cpp */; };
		90454219427C43AC91D14BBE /* /Users/mac/Documents/GitHub/MacLearn/Source/opencv-3.4.6/apps/createsamples/createsamples.cpp */ = {isa = PBXBuildFile; fileRef = D9DC8BBF147246499977BE02 /* /Users/mac/Documents/GitHub/MacLearn/Source/opencv-3.4.6/apps/createsamples/createsamples.cpp */; };
		97644BEB462C46078D346C34 /* /Users/mac/Documents/GitHub/MacLearn/Source/opencv-3.4.6/apps/createsamples/CMakeLists.txt */ = {isa = PBXBuildFile; fileRef = 6F3AE6903C424945969C5655 /* /Users/mac/Documents/GitHub/MacLearn/Source/opencv-3.4.6/apps/createsamples/CMakeLists.txt */; };
/* End PBXBuildFile section */

/* Begin PBXBuildStyle section */
		96696FE6BF1643D1B49A0479 /* Release */ = {
			isa = PBXBuildStyle;
			buildSettings = {
				COPY_PHASE_STRIP = NO;
			};
			name = Release;
		};
		D80B0AF90D04444AAECDE1B8 /* Debug */ = {
			isa = PBXBuildStyle;
			buildSettings = {
				COPY_PHASE_STRIP = NO;
			};
			name = Debug;
		};
/* End PBXBuildStyle section */

/* Begin PBXContainerItemProxy section */
		4A5F673F6B10458681A03886 /* PBXContainerItemProxy */ = {
			isa = PBXContainerItemProxy;
			containerPortal = 6580FD8789614B0A8AC994CD /* Project object */;
			proxyType = 1;
			remoteGlobalIDString = 5F493E2D02754AC383412611;
			remoteInfo = ALL_BUILD;
		};
		65FFC999925C48E98D4AF422 /* PBXContainerItemProxy */ = {
			isa = PBXContainerItemProxy;
			containerPortal = 6580FD8789614B0A8AC994CD /* Project object */;
			proxyType = 1;
			remoteGlobalIDString = 5F493E2D02754AC383412611;
			remoteInfo = ALL_BUILD;
		};
		91FF7DD3E16D44BCBE5C0AB7 /* PBXContainerItemProxy */ = {
			isa = PBXContainerItemProxy;
			containerPortal = 6580FD8789614B0A8AC994CD /* Project object */;
			proxyType = 1;
			remoteGlobalIDString = ADC788F5B0E34ECCA1B8DC3A;
			remoteInfo = opencv_createsamples;
		};
		AD45590D0C994AD4A03373FC /* PBXContainerItemProxy */ = {
			isa = PBXContainerItemProxy;
			containerPortal = 6580FD8789614B0A8AC994CD /* Project object */;
			proxyType = 1;
			remoteGlobalIDString = FA335D46BE514AE188ACC538;
			remoteInfo = ZERO_CHECK;
		};
		BD42AD71DF0E41E9BA3AD97D /* PBXContainerItemProxy */ = {
			isa = PBXContainerItemProxy;
			containerPortal = 6580FD8789614B0A8AC994CD /* Project object */;
			proxyType = 1;
			remoteGlobalIDString = FA335D46BE514AE188ACC538;
			remoteInfo = ZERO_CHECK;
		};
/* End PBXContainerItemProxy section */

/* Begin PBXFileReference section */
		6F3AE6903C424945969C5655 /* /Users/mac/Documents/GitHub/MacLearn/Source/opencv-3.4.6/apps/createsamples/CMakeLists.txt */ = {isa = PBXFileReference; explicitFileType = sourcecode.text; fileEncoding = 4; name = CMakeLists.txt; path = CMakeLists.txt; sourceTree = SOURCE_ROOT; };
		8CEE2989E2784185962EC2DA /* /Users/mac/Documents/GitHub/MacLearn/Source/opencv-3.4.6/apps/createsamples/utility.cpp */ = {isa = PBXFileReference; explicitFileType = sourcecode.cpp.cpp; fileEncoding = 4; name = utility.cpp; path = utility.cpp; sourceTree = SOURCE_ROOT; };
		98F79ABF18034484A250F718 /* /Users/mac/Documents/GitHub/MacLearn/Source/opencv-3.4.6/apps/createsamples/CMakeLists.txt */ = {isa = PBXFileReference; explicitFileType = sourcecode.text; fileEncoding = 4; name = CMakeLists.txt; path = CMakeLists.txt; sourceTree = SOURCE_ROOT; };
		B5237C037B08453D99D518B7 /* opencv_createsamples */ = {isa = PBXFileReference; explicitFileType = "compiled.mach-o.executable"; path = opencv_createsamples; sourceTree = BUILT_PRODUCTS_DIR; };
		D9DC8BBF147246499977BE02 /* /Users/mac/Documents/GitHub/MacLearn/Source/opencv-3.4.6/apps/createsamples/createsamples.cpp */ = {isa = PBXFileReference; explicitFileType = sourcecode.cpp.cpp; fileEncoding = 4; name = createsamples.cpp; path = createsamples.cpp; sourceTree = SOURCE_ROOT; };
/* End PBXFileReference section */

/* Begin PBXGroup section */
		48B2AF0262644630A65EBE1F /* ALL_BUILD */ = {
			isa = PBXGroup;
			children = (
				E7F2FEF1885D44B299D614BA /* CMake Rules */,
				98F79ABF18034484A250F718 /* /Users/mac/Documents/GitHub/MacLearn/Source/opencv-3.4.6/apps/createsamples/CMakeLists.txt */,
			);
			name = ALL_BUILD;
			sourceTree = "<group>";
		};
		68702202F5E04862A5597D47 /* Source Files */ = {
			isa = PBXGroup;
			children = (
				D9DC8BBF147246499977BE02 /* /Users/mac/Documents/GitHub/MacLearn/Source/opencv-3.4.6/apps/createsamples/createsamples.cpp */,
				8CEE2989E2784185962EC2DA /* /Users/mac/Documents/GitHub/MacLearn/Source/opencv-3.4.6/apps/createsamples/utility.cpp */,
			);
			name = "Source Files";
			sourceTree = "<group>";
		};
		79C8E097226D40BE970F5F41 /* applications */ = {
			isa = PBXGroup;
			children = (
				AD2793963E074EE7A2026E34 /* opencv_createsamples */,
			);
			name = applications;
			sourceTree = "<group>";
		};
		AD2793963E074EE7A2026E34 /* opencv_createsamples */ = {
			isa = PBXGroup;
			children = (
				68702202F5E04862A5597D47 /* Source Files */,
				6F3AE6903C424945969C5655 /* /Users/mac/Documents/GitHub/MacLearn/Source/opencv-3.4.6/apps/createsamples/CMakeLists.txt */,
			);
			name = opencv_createsamples;
			sourceTree = "<group>";
		};
		AE2EAE9100984720B5383C58 = {
			isa = PBXGroup;
			children = (
				79C8E097226D40BE970F5F41 /* applications */,
				48B2AF0262644630A65EBE1F /* ALL_BUILD */,
				CAC6B2561D1B4B7D9BE7FEB0 /* Products */,
			);
			sourceTree = "<group>";
		};
		CAC6B2561D1B4B7D9BE7FEB0 /* Products */ = {
			isa = PBXGroup;
			children = (
				B5237C037B08453D99D518B7 /* opencv_createsamples */,
			);
			name = Products;
			sourceTree = "<group>";
		};
		E7F2FEF1885D44B299D614BA /* CMake Rules */ = {
			isa = PBXGroup;
			children = (
			);
			name = "CMake Rules";
			sourceTree = "<group>";
		};
/* End PBXGroup section */

/* Begin PBXNativeTarget section */
		ADC788F5B0E34ECCA1B8DC3A /* opencv_createsamples */ = {
			isa = PBXNativeTarget;
			buildConfigurationList = E9617A1E985C43AFA7AA2ED3 /* Build configuration list for PBXNativeTarget "opencv_createsamples" */;
			buildPhases = (
				011FA7D9CBFC4141B377ED3A /* Sources */,
			);
			buildRules = (
			);
			dependencies = (
				3CFFABA6173F486BA058F4AA /* PBXTargetDependency */,
			);
			name = opencv_createsamples;
			productName = opencv_createsamples;
			productReference = B5237C037B08453D99D518B7 /* opencv_createsamples */;
			productType = "com.apple.product-type.tool";
		};
/* End PBXNativeTarget section */

/* Begin PBXProject section */
		6580FD8789614B0A8AC994CD /* Project object */ = {
			isa = PBXProject;
			attributes = {
				BuildIndependentTargetsInParallel = YES;
				LastUpgradeCheck = 1020;
			};
			buildConfigurationList = E05A3063A6164AFCB69F9A3E /* Build configuration list for PBXProject "opencv_createsamples" */;
			buildSettings = {
			};
			buildStyles = (
				D80B0AF90D04444AAECDE1B8 /* Debug */,
				96696FE6BF1643D1B49A0479 /* Release */,
			);
			compatibilityVersion = "Xcode 3.2";
			hasScannedForEncodings = 0;
			mainGroup = AE2EAE9100984720B5383C58;
			projectDirPath = ../../../apps/createsamples;
			projectRoot = "";
			targets = (
				5F493E2D02754AC383412611 /* ALL_BUILD */,
				EBA73D7D8D4D4EF594850BAB /* RUN_TESTS */,
				FA335D46BE514AE188ACC538 /* ZERO_CHECK */,
				5A7B416EE38944FFBEF9479B /* install */,
				ADC788F5B0E34ECCA1B8DC3A /* opencv_createsamples */,
				BC2F3F2B44CC478B94BE33EB /* package */,
			);
		};
/* End PBXProject section */

/* Begin PBXShellScriptBuildPhase section */
		0EDDBDF22B8548D5804C1668 /* CMake PostBuild Rules */ = {
			isa = PBXShellScriptBuildPhase;
			buildActionMask = 2147483647;
			files = (
			);
			name = "CMake PostBuild Rules";
			runOnlyForDeploymentPostprocessing = 0;
			shellPath = /bin/sh;
			shellScript = "make -C /Users/mac/Documents/GitHub/MacLearn/Source/opencv-3.4.6/BuildXcode/apps/createsamples -f /Users/mac/Documents/GitHub/MacLearn/Source/opencv-3.4.6/BuildXcode/apps/createsamples/CMakeScripts/install_postBuildPhase.make$CONFIGURATION OBJDIR=$(basename \"$OBJECT_FILE_DIR_normal\") all";
			showEnvVarsInLog = 0;
		};
		29C9FB0EFD4B4E8DAF684D6A = {
			isa = PBXShellScriptBuildPhase;
			buildActionMask = 2147483647;
			files = (
			);
			inputPaths = (
			);
			outputPaths = (
			);
			runOnlyForDeploymentPostprocessing = 0;
			shellPath = /bin/sh;
			shellScript = "# shell script goes here
exit 0";
			showEnvVarsInLog = 0;
		};
		2BB4BDD68B2B45CAB931196B /* CMake PostBuild Rules */ = {
			isa = PBXShellScriptBuildPhase;
			buildActionMask = 2147483647;
			files = (
			);
			name = "CMake PostBuild Rules";
			runOnlyForDeploymentPostprocessing = 0;
			shellPath = /bin/sh;
			shellScript = "make -C /Users/mac/Documents/GitHub/MacLearn/Source/opencv-3.4.6/BuildXcode/apps/createsamples -f /Users/mac/Documents/GitHub/MacLearn/Source/opencv-3.4.6/BuildXcode/apps/createsamples/CMakeScripts/RUN_TESTS_postBuildPhase.make$CONFIGURATION OBJDIR=$(basename \"$OBJECT_FILE_DIR_normal\") all";
			showEnvVarsInLog = 0;
		};
		33405B75DCB64264AA4973AF = {
			isa = PBXShellScriptBuildPhase;
			buildActionMask = 2147483647;
			files = (
			);
			inputPaths = (
			);
			outputPaths = (
			);
			runOnlyForDeploymentPostprocessing = 0;
			shellPath = /bin/sh;
			shellScript = "# shell script goes here
exit 0";
			showEnvVarsInLog = 0;
		};
		3808AB7172CD491699CD7092 = {
			isa = PBXShellScriptBuildPhase;
			buildActionMask = 2147483647;
			files = (
			);
			inputPaths = (
			);
			outputPaths = (
			);
			runOnlyForDeploymentPostprocessing = 0;
			shellPath = /bin/sh;
			shellScript = "# shell script goes here
exit 0";
			showEnvVarsInLog = 0;
		};
		3C3DC283EBA34E5AB416CF78 /* CMake PostBuild Rules */ = {
			isa = PBXShellScriptBuildPhase;
			buildActionMask = 2147483647;
			files = (
			);
			name = "CMake PostBuild Rules";
			runOnlyForDeploymentPostprocessing = 0;
			shellPath = /bin/sh;
			shellScript = "make -C /Users/mac/Documents/GitHub/MacLearn/Source/opencv-3.4.6/BuildXcode/apps/createsamples -f /Users/mac/Documents/GitHub/MacLearn/Source/opencv-3.4.6/BuildXcode/apps/createsamples/CMakeScripts/package_postBuildPhase.make$CONFIGURATION OBJDIR=$(basename \"$OBJECT_FILE_DIR_normal\") all";
			showEnvVarsInLog = 0;
		};
		4C4AE0CC58C740CBA0B033EE /* CMake Rules */ = {
			isa = PBXShellScriptBuildPhase;
			buildActionMask = 2147483647;
			files = (
			);
			name = "CMake Rules";
			runOnlyForDeploymentPostprocessing = 0;
			shellPath = /bin/sh;
			shellScript = "make -C /Users/mac/Documents/GitHub/MacLearn/Source/opencv-3.4.6/BuildXcode/apps/createsamples -f /Users/mac/Documents/GitHub/MacLearn/Source/opencv-3.4.6/BuildXcode/apps/createsamples/CMakeScripts/ALL_BUILD_cmakeRulesBuildPhase.make$CONFIGURATION OBJDIR=$(basename \"$OBJECT_FILE_DIR_normal\") all";
			showEnvVarsInLog = 0;
		};
		4D06B6FAE8E24BD99A4DE8B4 /* CMake Rules */ = {
			isa = PBXShellScriptBuildPhase;
			buildActionMask = 2147483647;
			files = (
			);
			name = "CMake Rules";
			runOnlyForDeploymentPostprocessing = 0;
			shellPath = /bin/sh;
			shellScript = "make -C /Users/mac/Documents/GitHub/MacLearn/Source/opencv-3.4.6/BuildXcode/apps/createsamples -f /Users/mac/Documents/GitHub/MacLearn/Source/opencv-3.4.6/BuildXcode/apps/createsamples/CMakeScripts/ZERO_CHECK_cmakeRulesBuildPhase.make$CONFIGURATION OBJDIR=$(basename \"$OBJECT_FILE_DIR_normal\") all";
			showEnvVarsInLog = 0;
		};
		84E7E9B8B75D4616BB7CF787 = {
			isa = PBXShellScriptBuildPhase;
			buildActionMask = 2147483647;
			files = (
			);
			inputPaths = (
			);
			outputPaths = (
			);
			runOnlyForDeploymentPostprocessing = 0;
			shellPath = /bin/sh;
			shellScript = "# shell script goes here
exit 0";
			showEnvVarsInLog = 0;
		};
		96A10D3ABCCD4F9DBBA237A8 = {
			isa = PBXShellScriptBuildPhase;
			buildActionMask = 2147483647;
			files = (
			);
			inputPaths = (
			);
			outputPaths = (
			);
			runOnlyForDeploymentPostprocessing = 0;
			shellPath = /bin/sh;
			shellScript = "# shell script goes here
exit 0";
			showEnvVarsInLog = 0;
		};
/* End PBXShellScriptBuildPhase section */

/* Begin PBXSourcesBuildPhase section */
		011FA7D9CBFC4141B377ED3A /* Sources */ = {
			isa = PBXSourcesBuildPhase;
			buildActionMask = 2147483647;
			files = (
				90454219427C43AC91D14BBE /* /Users/mac/Documents/GitHub/MacLearn/Source/opencv-3.4.6/apps/createsamples/createsamples.cpp */,
				19FCA58041694644B12E5295 /* /Users/mac/Documents/GitHub/MacLearn/Source/opencv-3.4.6/apps/createsamples/utility.cpp */,
			);
			runOnlyForDeploymentPostprocessing = 0;
		};
/* End PBXSourcesBuildPhase section */

/* Begin PBXTargetDependency section */
		0BF2481383654F37A5725695 /* PBXTargetDependency */ = {
			isa = PBXTargetDependency;
			target = 5F493E2D02754AC383412611 /* ALL_BUILD */;
			targetProxy = 65FFC999925C48E98D4AF422 /* PBXContainerItemProxy */;
		};
		3CFFABA6173F486BA058F4AA /* PBXTargetDependency */ = {
			isa = PBXTargetDependency;
			target = FA335D46BE514AE188ACC538 /* ZERO_CHECK */;
			targetProxy = BD42AD71DF0E41E9BA3AD97D /* PBXContainerItemProxy */;
		};
		5FAD06E2D9784E5A87DC4B7C /* PBXTargetDependency */ = {
			isa = PBXTargetDependency;
			target = FA335D46BE514AE188ACC538 /* ZERO_CHECK */;
			targetProxy = AD45590D0C994AD4A03373FC /* PBXContainerItemProxy */;
		};
		CEDD520A4B544C1EA8928AD1 /* PBXTargetDependency */ = {
			isa = PBXTargetDependency;
			target = ADC788F5B0E34ECCA1B8DC3A /* opencv_createsamples */;
			targetProxy = 91FF7DD3E16D44BCBE5C0AB7 /* PBXContainerItemProxy */;
		};
		ED8161A99E5D4A56AF702309 /* PBXTargetDependency */ = {
			isa = PBXTargetDependency;
			target = 5F493E2D02754AC383412611 /* ALL_BUILD */;
			targetProxy = 4A5F673F6B10458681A03886 /* PBXContainerItemProxy */;
		};
/* End PBXTargetDependency section */

/* Begin XCBuildConfiguration section */
		023542B5F3934C2D953F1EA0 /* Release */ = {
			isa = XCBuildConfiguration;
			buildSettings = {
				COMBINE_HIDPI_IMAGES = YES;
				GCC_GENERATE_DEBUGGING_SYMBOLS = YES;
				GCC_INLINES_ARE_PRIVATE_EXTERN = NO;
				GCC_OPTIMIZATION_LEVEL = 0;
				GCC_PREPROCESSOR_DEFINITIONS = ("'CMAKE_INTDIR=\"$(CONFIGURATION)$(EFFECTIVE_PLATFORM_NAME)\"'");
				GCC_SYMBOLS_PRIVATE_EXTERN = NO;
				INSTALL_PATH = "";
				OTHER_LDFLAGS = " ";
				OTHER_REZFLAGS = "";
				PRODUCT_NAME = package;
				SECTORDER_FLAGS = "";
				SYMROOT = "/Users/mac/Documents/GitHub/MacLearn/Source/opencv-3.4.6/BuildXcode/apps/createsamples";
				USE_HEADERMAP = NO;
				WARNING_CFLAGS = ("-Wmost","-Wno-four-char-constants","-Wno-unknown-pragmas","$(inherited)");
			};
			name = Release;
		};
		28ACE70DEA0E428C8BDC5D3A /* Debug */ = {
			isa = XCBuildConfiguration;
			buildSettings = {
				COMBINE_HIDPI_IMAGES = YES;
				GCC_GENERATE_DEBUGGING_SYMBOLS = YES;
				GCC_INLINES_ARE_PRIVATE_EXTERN = NO;
				GCC_OPTIMIZATION_LEVEL = 0;
				GCC_PREPROCESSOR_DEFINITIONS = ("'CMAKE_INTDIR=\"$(CONFIGURATION)$(EFFECTIVE_PLATFORM_NAME)\"'");
				GCC_SYMBOLS_PRIVATE_EXTERN = NO;
				INSTALL_PATH = "";
				OTHER_LDFLAGS = " ";
				OTHER_REZFLAGS = "";
				PRODUCT_NAME = RUN_TESTS;
				SECTORDER_FLAGS = "";
				SYMROOT = "/Users/mac/Documents/GitHub/MacLearn/Source/opencv-3.4.6/BuildXcode/apps/createsamples";
				USE_HEADERMAP = NO;
				WARNING_CFLAGS = ("-Wmost","-Wno-four-char-constants","-Wno-unknown-pragmas","$(inherited)");
			};
			name = Debug;
		};
		36A87D0F2EE644C5838F6554 /* Release */ = {
			isa = XCBuildConfiguration;
			buildSettings = {
				COMBINE_HIDPI_IMAGES = YES;
				GCC_GENERATE_DEBUGGING_SYMBOLS = YES;
				GCC_INLINES_ARE_PRIVATE_EXTERN = NO;
				GCC_OPTIMIZATION_LEVEL = 0;
				GCC_PREPROCESSOR_DEFINITIONS = ("'CMAKE_INTDIR=\"$(CONFIGURATION)$(EFFECTIVE_PLATFORM_NAME)\"'");
				GCC_SYMBOLS_PRIVATE_EXTERN = NO;
				INSTALL_PATH = "";
				OTHER_LDFLAGS = " ";
				OTHER_REZFLAGS = "";
				PRODUCT_NAME = install;
				SECTORDER_FLAGS = "";
				SYMROOT = "/Users/mac/Documents/GitHub/MacLearn/Source/opencv-3.4.6/BuildXcode/apps/createsamples";
				USE_HEADERMAP = NO;
				WARNING_CFLAGS = ("-Wmost","-Wno-four-char-constants","-Wno-unknown-pragmas","$(inherited)");
			};
			name = Release;
		};
		428B0C69F28B4A0C88F2585E /* Debug */ = {
			isa = XCBuildConfiguration;
			buildSettings = {
				COMBINE_HIDPI_IMAGES = YES;
				GCC_GENERATE_DEBUGGING_SYMBOLS = YES;
				GCC_INLINES_ARE_PRIVATE_EXTERN = NO;
				GCC_OPTIMIZATION_LEVEL = 0;
				GCC_PREPROCESSOR_DEFINITIONS = ("'CMAKE_INTDIR=\"$(CONFIGURATION)$(EFFECTIVE_PLATFORM_NAME)\"'");
				GCC_SYMBOLS_PRIVATE_EXTERN = NO;
				INSTALL_PATH = "";
				OTHER_LDFLAGS = " ";
				OTHER_REZFLAGS = "";
				PRODUCT_NAME = install;
				SECTORDER_FLAGS = "";
				SYMROOT = "/Users/mac/Documents/GitHub/MacLearn/Source/opencv-3.4.6/BuildXcode/apps/createsamples";
				USE_HEADERMAP = NO;
				WARNING_CFLAGS = ("-Wmost","-Wno-four-char-constants","-Wno-unknown-pragmas","$(inherited)");
			};
			name = Debug;
		};
		4AFFE5F62D104E99B4FCD532 /* Release */ = {
			isa = XCBuildConfiguration;
			buildSettings = {
				COMBINE_HIDPI_IMAGES = YES;
				GCC_GENERATE_DEBUGGING_SYMBOLS = YES;
				GCC_INLINES_ARE_PRIVATE_EXTERN = NO;
				GCC_OPTIMIZATION_LEVEL = 0;
				GCC_PREPROCESSOR_DEFINITIONS = ("'CMAKE_INTDIR=\"$(CONFIGURATION)$(EFFECTIVE_PLATFORM_NAME)\"'");
				GCC_SYMBOLS_PRIVATE_EXTERN = NO;
				INSTALL_PATH = "";
				OTHER_LDFLAGS = " ";
				OTHER_REZFLAGS = "";
				PRODUCT_NAME = RUN_TESTS;
				SECTORDER_FLAGS = "";
				SYMROOT = "/Users/mac/Documents/GitHub/MacLearn/Source/opencv-3.4.6/BuildXcode/apps/createsamples";
				USE_HEADERMAP = NO;
				WARNING_CFLAGS = ("-Wmost","-Wno-four-char-constants","-Wno-unknown-pragmas","$(inherited)");
			};
			name = Release;
		};
		6D835C9107B54BB9B3EC685E /* Debug */ = {
			isa = XCBuildConfiguration;
			buildSettings = {
				COMBINE_HIDPI_IMAGES = YES;
				GCC_GENERATE_DEBUGGING_SYMBOLS = YES;
				GCC_INLINES_ARE_PRIVATE_EXTERN = NO;
				GCC_OPTIMIZATION_LEVEL = 0;
				GCC_PREPROCESSOR_DEFINITIONS = ("'CMAKE_INTDIR=\"$(CONFIGURATION)$(EFFECTIVE_PLATFORM_NAME)\"'");
				GCC_SYMBOLS_PRIVATE_EXTERN = NO;
				INSTALL_PATH = "";
				OTHER_LDFLAGS = " ";
				OTHER_REZFLAGS = "";
				PRODUCT_NAME = package;
				SECTORDER_FLAGS = "";
				SYMROOT = "/Users/mac/Documents/GitHub/MacLearn/Source/opencv-3.4.6/BuildXcode/apps/createsamples";
				USE_HEADERMAP = NO;
				WARNING_CFLAGS = ("-Wmost","-Wno-four-char-constants","-Wno-unknown-pragmas","$(inherited)");
			};
			name = Debug;
		};
		6E60C522E64B4F93836FA84F /* Release */ = {
			isa = XCBuildConfiguration;
			buildSettings = {
				COMBINE_HIDPI_IMAGES = YES;
				GCC_GENERATE_DEBUGGING_SYMBOLS = YES;
				GCC_INLINES_ARE_PRIVATE_EXTERN = NO;
				GCC_OPTIMIZATION_LEVEL = 0;
				GCC_PREPROCESSOR_DEFINITIONS = ("'CMAKE_INTDIR=\"$(CONFIGURATION)$(EFFECTIVE_PLATFORM_NAME)\"'");
				GCC_SYMBOLS_PRIVATE_EXTERN = NO;
				INSTALL_PATH = "";
				OTHER_LDFLAGS = " ";
				OTHER_REZFLAGS = "";
				PRODUCT_NAME = ZERO_CHECK;
				SECTORDER_FLAGS = "";
				SYMROOT = "/Users/mac/Documents/GitHub/MacLearn/Source/opencv-3.4.6/BuildXcode/apps/createsamples";
				USE_HEADERMAP = NO;
				WARNING_CFLAGS = ("-Wmost","-Wno-four-char-constants","-Wno-unknown-pragmas","$(inherited)");
			};
			name = Release;
		};
		85FA9D6409B349329AA0892E /* Debug */ = {
			isa = XCBuildConfiguration;
			buildSettings = {
				COMBINE_HIDPI_IMAGES = YES;
				GCC_GENERATE_DEBUGGING_SYMBOLS = YES;
				GCC_INLINES_ARE_PRIVATE_EXTERN = NO;
				GCC_OPTIMIZATION_LEVEL = 0;
				GCC_PREPROCESSOR_DEFINITIONS = ("'CMAKE_INTDIR=\"$(CONFIGURATION)$(EFFECTIVE_PLATFORM_NAME)\"'");
				GCC_SYMBOLS_PRIVATE_EXTERN = NO;
				INSTALL_PATH = "";
				OTHER_LDFLAGS = " ";
				OTHER_REZFLAGS = "";
				PRODUCT_NAME = ALL_BUILD;
				SECTORDER_FLAGS = "";
				SYMROOT = "/Users/mac/Documents/GitHub/MacLearn/Source/opencv-3.4.6/BuildXcode/apps/createsamples";
				USE_HEADERMAP = NO;
				WARNING_CFLAGS = ("-Wmost","-Wno-four-char-constants","-Wno-unknown-pragmas","$(inherited)");
			};
			name = Debug;
		};
		9E833CD217AA4620B7CCF340 /* Release */ = {
			isa = XCBuildConfiguration;
			buildSettings = {
				ONLY_ACTIVE_ARCH = YES;
				SDKROOT = /Applications/Xcode.app/Contents/Developer/Platforms/MacOSX.platform/Developer/SDKs/MacOSX10.14.sdk;
				SYMROOT = "/Users/mac/Documents/GitHub/MacLearn/Source/opencv-3.4.6/BuildXcode/apps/createsamples/build";
			};
			name = Release;
		};
		9EE16FAB4D6B4976A7D455E0 /* Debug */ = {
			isa = XCBuildConfiguration;
			buildSettings = {
				ONLY_ACTIVE_ARCH = YES;
				SDKROOT = /Applications/Xcode.app/Contents/Developer/Platforms/MacOSX.platform/Developer/SDKs/MacOSX10.14.sdk;
				SYMROOT = "/Users/mac/Documents/GitHub/MacLearn/Source/opencv-3.4.6/BuildXcode/apps/createsamples/build";
			};
			name = Debug;
		};
		9F10ED0B6CDC4AADAEC54898 /* Release */ = {
			isa = XCBuildConfiguration;
			buildSettings = {
				COMBINE_HIDPI_IMAGES = YES;
				CONFIGURATION_BUILD_DIR = "/Users/mac/Documents/GitHub/MacLearn/Source/opencv-3.4.6/BuildXcode/bin/Release";
				EXECUTABLE_PREFIX = "";
				EXECUTABLE_SUFFIX = "";
				GCC_GENERATE_DEBUGGING_SYMBOLS = NO;
				GCC_INLINES_ARE_PRIVATE_EXTERN = NO;
				GCC_OPTIMIZATION_LEVEL = 3;
				GCC_PREPROCESSOR_DEFINITIONS = ("'CMAKE_INTDIR=\"$(CONFIGURATION)$(EFFECTIVE_PLATFORM_NAME)\"'","'__OPENCV_BUILD=1'","'__OPENCV_APPS=1'");
				GCC_SYMBOLS_PRIVATE_EXTERN = NO;
				HEADER_SEARCH_PATHS = ("/Users/mac/Documents/GitHub/MacLearn/Source/opencv-3.4.6/BuildXcode/3rdparty/ippicv/ippicv_mac/icv/include","/Users/mac/Documents/GitHub/MacLearn/Source/opencv-3.4.6/BuildXcode/3rdparty/ippicv/ippicv_mac/iw/include","/Users/mac/Documents/GitHub/MacLearn/Source/opencv-3.4.6/BuildXcode","/Users/mac/Documents/GitHub/MacLearn/Source/opencv-3.4.6/modules/core/include","/Users/mac/Documents/GitHub/MacLearn/Source/opencv-3.4.6/modules/imgproc/include","/Users/mac/Documents/GitHub/MacLearn/Source/opencv-3.4.6/modules/objdetect/include","/Users/mac/Documents/GitHub/MacLearn/Source/opencv-3.4.6/modules/flann/include","/Users/mac/Documents/GitHub/MacLearn/Source/opencv-3.4.6/modules/imgcodecs/include","/Users/mac/Documents/GitHub/MacLearn/Source/opencv-3.4.6/modules/videoio/include","/Users/mac/Documents/GitHub/MacLearn/Source/opencv-3.4.6/modules/highgui/include","/Users/mac/Documents/GitHub/MacLearn/Source/opencv-3.4.6/modules/features2d/include","/Users/mac/Documents/GitHub/MacLearn/Source/opencv-3.4.6/modules/calib3d/include","/Users/mac/Documents/GitHub/MacLearn/Source/opencv-3.4.6/apps/createsamples/PRIVATE","/Users/mac/Documents/GitHub/MacLearn/Source/opencv-3.4.6/include/opencv");
				INSTALL_PATH = "";
				LD_RUNPATH_SEARCH_PATHS = "/Users/mac/Documents/GitHub/MacLearn/Source/opencv-3.4.6/BuildXcode/lib/Release /usr/local/lib";
				LIBRARY_SEARCH_PATHS = " /usr/local/lib/$(CONFIGURATION)$(EFFECTIVE_PLATFORM_NAME) /usr/local/lib";
				OTHER_CPLUSPLUSFLAGS = "   -fsigned-char -W -Wall -Werror=return-type -Werror=non-virtual-dtor -Werror=address -Werror=sequence-point -Wformat -Werror=format-security -Wmissing-declarations -Wmissing-prototypes -Wstrict-prototypes -Wundef -Winit-self -Wpointer-arith -Wshadow -Wsign-promo -Wuninitialized -Winit-self -Wno-delete-non-virtual-dtor -Wno-unnamed-type-template-args -Wno-comment -fdiagnostics-show-option -Wno-long-long -Qunused-arguments -Wno-semicolon-before-method-body -ffunction-sections -fdata-sections  -fvisibility=hidden -fvisibility-inlines-hidden     -DNDEBUG  -DNDEBUG -fPIE  ";
				OTHER_LDFLAGS = "  -Wl,-dead_strip   -Wl,-search_paths_first -Wl,-headerpad_max_install_names  /Users/mac/Documents/GitHub/MacLearn/Source/opencv-3.4.6/BuildXcode/3rdparty/lib/Release/libippiw.a /Users/mac/Documents/GitHub/MacLearn/Source/opencv-3.4.6/BuildXcode/3rdparty/ippicv/ippicv_mac/icv/lib/intel64/libippicv.a /Users/mac/Documents/GitHub/MacLearn/Source/opencv-3.4.6/BuildXcode/lib/Release/libopencv_objdetect.3.4.6.dylib /Users/mac/Documents/GitHub/MacLearn/Source/opencv-3.4.6/BuildXcode/lib/Release/libopencv_calib3d.3.4.6.dylib /Users/mac/Documents/GitHub/MacLearn/Source/opencv-3.4.6/BuildXcode/lib/Release/libopencv_features2d.3.4.6.dylib /Users/mac/Documents/GitHub/MacLearn/Source/opencv-3.4.6/BuildXcode/lib/Release/libopencv_highgui.3.4.6.dylib /Users/mac/Documents/GitHub/MacLearn/Source/opencv-3.4.6/BuildXcode/lib/Release/libopencv_videoio.3.4.6.dylib /Users/mac/Documents/GitHub/MacLearn/Source/opencv-3.4.6/BuildXcode/lib/Release/libopencv_imgcodecs.3.4.6.dylib /Users/mac/Documents/GitHub/MacLearn/Source/opencv-3.4.6/BuildXcode/lib/Release/libopencv_imgproc.3.4.6.dylib /Users/mac/Documents/GitHub/MacLearn/Source/opencv-3.4.6/BuildXcode/lib/Release/libopencv_flann.3.4.6.dylib /Users/mac/Documents/GitHub/MacLearn/Source/opencv-3.4.6/BuildXcode/lib/Release/libopencv_core.3.4.6.dylib";
				OTHER_REZFLAGS = "";
				PRODUCT_NAME = opencv_createsamples;
				SECTORDER_FLAGS = "";
				SYMROOT = "/Users/mac/Documents/GitHub/MacLearn/Source/opencv-3.4.6/BuildXcode/apps/createsamples";
				USE_HEADERMAP = NO;
				WARNING_CFLAGS = ("-Wmost","-Wno-four-char-constants","-Wno-unknown-pragmas","$(inherited)");
			};
			name = Release;
		};
		C23A21B73DA640849480F370 /* Debug */ = {
			isa = XCBuildConfiguration;
			buildSettings = {
				COMBINE_HIDPI_IMAGES = YES;
				CONFIGURATION_BUILD_DIR = "/Users/mac/Documents/GitHub/MacLearn/Source/opencv-3.4.6/BuildXcode/bin/Debug";
				EXECUTABLE_PREFIX = "";
				EXECUTABLE_SUFFIX = "";
				GCC_GENERATE_DEBUGGING_SYMBOLS = YES;
				GCC_INLINES_ARE_PRIVATE_EXTERN = NO;
				GCC_OPTIMIZATION_LEVEL = 0;
				GCC_PREPROCESSOR_DEFINITIONS = ("'CMAKE_INTDIR=\"$(CONFIGURATION)$(EFFECTIVE_PLATFORM_NAME)\"'","'__OPENCV_BUILD=1'","'__OPENCV_APPS=1'");
				GCC_SYMBOLS_PRIVATE_EXTERN = NO;
				HEADER_SEARCH_PATHS = ("/Users/mac/Documents/GitHub/MacLearn/Source/opencv-3.4.6/BuildXcode/3rdparty/ippicv/ippicv_mac/icv/include","/Users/mac/Documents/GitHub/MacLearn/Source/opencv-3.4.6/BuildXcode/3rdparty/ippicv/ippicv_mac/iw/include","/Users/mac/Documents/GitHub/MacLearn/Source/opencv-3.4.6/BuildXcode","/Users/mac/Documents/GitHub/MacLearn/Source/opencv-3.4.6/modules/core/include","/Users/mac/Documents/GitHub/MacLearn/Source/opencv-3.4.6/modules/imgproc/include","/Users/mac/Documents/GitHub/MacLearn/Source/opencv-3.4.6/modules/objdetect/include","/Users/mac/Documents/GitHub/MacLearn/Source/opencv-3.4.6/modules/flann/include","/Users/mac/Documents/GitHub/MacLearn/Source/opencv-3.4.6/modules/imgcodecs/include","/Users/mac/Documents/GitHub/MacLearn/Source/opencv-3.4.6/modules/videoio/include","/Users/mac/Documents/GitHub/MacLearn/Source/opencv-3.4.6/modules/highgui/include","/Users/mac/Documents/GitHub/MacLearn/Source/opencv-3.4.6/modules/features2d/include","/Users/mac/Documents/GitHub/MacLearn/Source/opencv-3.4.6/modules/calib3d/include","/Users/mac/Documents/GitHub/MacLearn/Source/opencv-3.4.6/apps/createsamples/PRIVATE","/Users/mac/Documents/GitHub/MacLearn/Source/opencv-3.4.6/include/opencv");
				INSTALL_PATH = "";
				LD_RUNPATH_SEARCH_PATHS = "/Users/mac/Documents/GitHub/MacLearn/Source/opencv-3.4.6/BuildXcode/lib/Debug /usr/local/lib";
				LIBRARY_SEARCH_PATHS = " /usr/local/lib/$(CONFIGURATION)$(EFFECTIVE_PLATFORM_NAME) /usr/local/lib";
				OTHER_CPLUSPLUSFLAGS = "   -fsigned-char -W -Wall -Werror=return-type -Werror=non-virtual-dtor -Werror=address -Werror=sequence-point -Wformat -Werror=format-security -Wmissing-declarations -Wmissing-prototypes -Wstrict-prototypes -Wundef -Winit-self -Wpointer-arith -Wshadow -Wsign-promo -Wuninitialized -Winit-self -Wno-delete-non-virtual-dtor -Wno-unnamed-type-template-args -Wno-comment -fdiagnostics-show-option -Wno-long-long -Qunused-arguments -Wno-semicolon-before-method-body -ffunction-sections -fdata-sections  -fvisibility=hidden -fvisibility-inlines-hidden         -DDEBUG -D_DEBUG -fPIE  ";
				OTHER_LDFLAGS = "  -Wl,-dead_strip   -Wl,-search_paths_first -Wl,-headerpad_max_install_names  /Users/mac/Documents/GitHub/MacLearn/Source/opencv-3.4.6/BuildXcode/3rdparty/lib/Debug/libippiw.a /Users/mac/Documents/GitHub/MacLearn/Source/opencv-3.4.6/BuildXcode/3rdparty/ippicv/ippicv_mac/icv/lib/intel64/libippicv.a /Users/mac/Documents/GitHub/MacLearn/Source/opencv-3.4.6/BuildXcode/lib/Debug/libopencv_objdetect.3.4.6.dylib /Users/mac/Documents/GitHub/MacLearn/Source/opencv-3.4.6/BuildXcode/lib/Debug/libopencv_calib3d.3.4.6.dylib /Users/mac/Documents/GitHub/MacLearn/Source/opencv-3.4.6/BuildXcode/lib/Debug/libopencv_features2d.3.4.6.dylib /Users/mac/Documents/GitHub/MacLearn/Source/opencv-3.4.6/BuildXcode/lib/Debug/libopencv_highgui.3.4.6.dylib /Users/mac/Documents/GitHub/MacLearn/Source/opencv-3.4.6/BuildXcode/lib/Debug/libopencv_videoio.3.4.6.dylib /Users/mac/Documents/GitHub/MacLearn/Source/opencv-3.4.6/BuildXcode/lib/Debug/libopencv_imgcodecs.3.4.6.dylib /Users/mac/Documents/GitHub/MacLearn/Source/opencv-3.4.6/BuildXcode/lib/Debug/libopencv_imgproc.3.4.6.dylib /Users/mac/Documents/GitHub/MacLearn/Source/opencv-3.4.6/BuildXcode/lib/Debug/libopencv_flann.3.4.6.dylib /Users/mac/Documents/GitHub/MacLearn/Source/opencv-3.4.6/BuildXcode/lib/Debug/libopencv_core.3.4.6.dylib";
				OTHER_REZFLAGS = "";
				PRODUCT_NAME = opencv_createsamples;
				SECTORDER_FLAGS = "";
				SYMROOT = "/Users/mac/Documents/GitHub/MacLearn/Source/opencv-3.4.6/BuildXcode/apps/createsamples";
				USE_HEADERMAP = NO;
				WARNING_CFLAGS = ("-Wmost","-Wno-four-char-constants","-Wno-unknown-pragmas","$(inherited)");
			};
			name = Debug;
		};
		D89803517084485293359245 /* Release */ = {
			isa = XCBuildConfiguration;
			buildSettings = {
				COMBINE_HIDPI_IMAGES = YES;
				GCC_GENERATE_DEBUGGING_SYMBOLS = YES;
				GCC_INLINES_ARE_PRIVATE_EXTERN = NO;
				GCC_OPTIMIZATION_LEVEL = 0;
				GCC_PREPROCESSOR_DEFINITIONS = ("'CMAKE_INTDIR=\"$(CONFIGURATION)$(EFFECTIVE_PLATFORM_NAME)\"'");
				GCC_SYMBOLS_PRIVATE_EXTERN = NO;
				INSTALL_PATH = "";
				OTHER_LDFLAGS = " ";
				OTHER_REZFLAGS = "";
				PRODUCT_NAME = ALL_BUILD;
				SECTORDER_FLAGS = "";
				SYMROOT = "/Users/mac/Documents/GitHub/MacLearn/Source/opencv-3.4.6/BuildXcode/apps/createsamples";
				USE_HEADERMAP = NO;
				WARNING_CFLAGS = ("-Wmost","-Wno-four-char-constants","-Wno-unknown-pragmas","$(inherited)");
			};
			name = Release;
		};
		E8EC895E71BC48748777727C /* Debug */ = {
			isa = XCBuildConfiguration;
			buildSettings = {
				COMBINE_HIDPI_IMAGES = YES;
				GCC_GENERATE_DEBUGGING_SYMBOLS = YES;
				GCC_INLINES_ARE_PRIVATE_EXTERN = NO;
				GCC_OPTIMIZATION_LEVEL = 0;
				GCC_PREPROCESSOR_DEFINITIONS = ("'CMAKE_INTDIR=\"$(CONFIGURATION)$(EFFECTIVE_PLATFORM_NAME)\"'");
				GCC_SYMBOLS_PRIVATE_EXTERN = NO;
				INSTALL_PATH = "";
				OTHER_LDFLAGS = " ";
				OTHER_REZFLAGS = "";
				PRODUCT_NAME = ZERO_CHECK;
				SECTORDER_FLAGS = "";
				SYMROOT = "/Users/mac/Documents/GitHub/MacLearn/Source/opencv-3.4.6/BuildXcode/apps/createsamples";
				USE_HEADERMAP = NO;
				WARNING_CFLAGS = ("-Wmost","-Wno-four-char-constants","-Wno-unknown-pragmas","$(inherited)");
			};
			name = Debug;
		};
/* End XCBuildConfiguration section */

/* Begin XCConfigurationList section */
		029E4555643947C5A88EBF9C /* Build configuration list for PBXAggregateTarget "install" */ = {
			isa = XCConfigurationList;
			buildConfigurations = (
				428B0C69F28B4A0C88F2585E /* Debug */,
				36A87D0F2EE644C5838F6554 /* Release */,
			);
			defaultConfigurationIsVisible = 0;
			defaultConfigurationName = Debug;
		};
		2897E36E360F4BECB4AC63C0 /* Build configuration list for PBXAggregateTarget "ZERO_CHECK" */ = {
			isa = XCConfigurationList;
			buildConfigurations = (
				E8EC895E71BC48748777727C /* Debug */,
				6E60C522E64B4F93836FA84F /* Release */,
			);
			defaultConfigurationIsVisible = 0;
			defaultConfigurationName = Debug;
		};
		A0636B72115C4058AB2CB800 /* Build configuration list for PBXAggregateTarget "package" */ = {
			isa = XCConfigurationList;
			buildConfigurations = (
				6D835C9107B54BB9B3EC685E /* Debug */,
				023542B5F3934C2D953F1EA0 /* Release */,
			);
			defaultConfigurationIsVisible = 0;
			defaultConfigurationName = Debug;
		};
		C0DC4FAB8F814DD6945837B1 /* Build configuration list for PBXAggregateTarget "RUN_TESTS" */ = {
			isa = XCConfigurationList;
			buildConfigurations = (
				28ACE70DEA0E428C8BDC5D3A /* Debug */,
				4AFFE5F62D104E99B4FCD532 /* Release */,
			);
			defaultConfigurationIsVisible = 0;
			defaultConfigurationName = Debug;
		};
		E05A3063A6164AFCB69F9A3E /* Build configuration list for PBXProject "opencv_createsamples" */ = {
			isa = XCConfigurationList;
			buildConfigurations = (
				9EE16FAB4D6B4976A7D455E0 /* Debug */,
				9E833CD217AA4620B7CCF340 /* Release */,
			);
			defaultConfigurationIsVisible = 0;
			defaultConfigurationName = Debug;
		};
		E9617A1E985C43AFA7AA2ED3 /* Build configuration list for PBXNativeTarget "opencv_createsamples" */ = {
			isa = XCConfigurationList;
			buildConfigurations = (
				C23A21B73DA640849480F370 /* Debug */,
				9F10ED0B6CDC4AADAEC54898 /* Release */,
			);
			defaultConfigurationIsVisible = 0;
			defaultConfigurationName = Debug;
		};
		F75BAEB3DE844910B7E4AA2D /* Build configuration list for PBXAggregateTarget "ALL_BUILD" */ = {
			isa = XCConfigurationList;
			buildConfigurations = (
				85FA9D6409B349329AA0892E /* Debug */,
				D89803517084485293359245 /* Release */,
			);
			defaultConfigurationIsVisible = 0;
			defaultConfigurationName = Debug;
		};
/* End XCConfigurationList section */
	};
	rootObject = 6580FD8789614B0A8AC994CD /* Project object */;
}
