// !$*UTF8*$!
{
	archiveVersion = 1;
	classes = {
	};
	objectVersion = 46;
	objects = {

/* Begin PBXAggregateTarget section */
		5A7B416EE38944FFBEF9479B /* install */ = {
			isa = PBXAggregateTarget;
			buildConfigurationList = A247854F0D0B44B6AFF0A7EC /* Build configuration list for PBXAggregateTarget "install" */;
			buildPhases = (
				37069E5F6BB8441D90FF67DF /* CMake PostBuild Rules */,
			);
			dependencies = (
				F4589EB18EEE479995D86AEE /* PBXTargetDependency */,
			);
			name = install;
			productName = install;
		};
		5F493E2D02754AC383412611 /* ALL_BUILD */ = {
			isa = PBXAggregateTarget;
			buildConfigurationList = 13115565D5C54FF180BC3C76 /* Build configuration list for PBXAggregateTarget "ALL_BUILD" */;
			buildPhases = (
				04C3BA23F9044CA887C372CF /* CMake Rules */,
			);
			dependencies = (
				1859CAC6A8794E0CB78B6AAD /* PBXTargetDependency */,
			);
			name = ALL_BUILD;
			productName = ALL_BUILD;
		};
		AB5CBD32F8BB49D9880D0C61 /* gen_opencv_python_source */ = {
			isa = PBXAggregateTarget;
			buildConfigurationList = 17365511FC784800959FCB20 /* Build configuration list for PBXAggregateTarget "gen_opencv_python_source" */;
			buildPhases = (
				2A2AD3E8D5324A52BD3D5BB1 /* CMake Rules */,
			);
			dependencies = (
				20F6757974D341B99E81F638 /* PBXTargetDependency */,
			);
			name = gen_opencv_python_source;
			productName = gen_opencv_python_source;
		};
		BC2F3F2B44CC478B94BE33EB /* package */ = {
			isa = PBXAggregateTarget;
			buildConfigurationList = 7EC49A242BA043CB902DFAFD /* Build configuration list for PBXAggregateTarget "package" */;
			buildPhases = (
				C0EF38800B9D4CB285F1261E /* CMake PostBuild Rules */,
			);
			dependencies = (
				C7DEEE6B31394BE8A5E419E0 /* PBXTargetDependency */,
			);
			name = package;
			productName = package;
		};
		EBA73D7D8D4D4EF594850BAB /* RUN_TESTS */ = {
			isa = PBXAggregateTarget;
			buildConfigurationList = 02D0840D8E0E4927B871A045 /* Build configuration list for PBXAggregateTarget "RUN_TESTS" */;
			buildPhases = (
				7E2A26E9091F484BAA033EDF /* CMake PostBuild Rules */,
			);
			dependencies = (
			);
			name = RUN_TESTS;
			productName = RUN_TESTS;
		};
		FA335D46BE514AE188ACC538 /* ZERO_CHECK */ = {
			isa = PBXAggregateTarget;
			buildConfigurationList = F96255CA663243389EDA5AD1 /* Build configuration list for PBXAggregateTarget "ZERO_CHECK" */;
			buildPhases = (
				077C2EF4912242A4BD9E8CD9 /* CMake Rules */,
			);
			dependencies = (
			);
			name = ZERO_CHECK;
			productName = ZERO_CHECK;
		};
/* End PBXAggregateTarget section */

/* Begin PBXBuildStyle section */
		6E7F45D6C6B84FD3940E572B /* Release */ = {
			isa = PBXBuildStyle;
			buildSettings = {
				COPY_PHASE_STRIP = NO;
			};
			name = Release;
		};
		8C8618CFF17A45D4BB345B17 /* Debug */ = {
			isa = PBXBuildStyle;
			buildSettings = {
				COPY_PHASE_STRIP = NO;
			};
			name = Debug;
		};
/* End PBXBuildStyle section */

/* Begin PBXContainerItemProxy section */
		15068FE302B5420BB11D10B9 /* PBXContainerItemProxy */ = {
			isa = PBXContainerItemProxy;
			containerPortal = 9004B654FA0244D880123F43 /* Project object */;
			proxyType = 1;
			remoteGlobalIDString = 5F493E2D02754AC383412611;
			remoteInfo = ALL_BUILD;
		};
		2B34649261EB4D87A74D6E4E /* PBXContainerItemProxy */ = {
			isa = PBXContainerItemProxy;
			containerPortal = 9004B654FA0244D880123F43 /* Project object */;
			proxyType = 1;
			remoteGlobalIDString = 5F493E2D02754AC383412611;
			remoteInfo = ALL_BUILD;
		};
		8BD9C8320B6B4BBB8B1879A7 /* PBXContainerItemProxy */ = {
			isa = PBXContainerItemProxy;
			containerPortal = 9004B654FA0244D880123F43 /* Project object */;
			proxyType = 1;
			remoteGlobalIDString = FA335D46BE514AE188ACC538;
			remoteInfo = ZERO_CHECK;
		};
		9A31B447A5F2473C80542E17 /* PBXContainerItemProxy */ = {
			isa = PBXContainerItemProxy;
			containerPortal = 9004B654FA0244D880123F43 /* Project object */;
			proxyType = 1;
			remoteGlobalIDString = FA335D46BE514AE188ACC538;
			remoteInfo = ZERO_CHECK;
		};
/* End PBXContainerItemProxy section */

/* Begin PBXFileReference section */
		39B1E181F8B04F70A61C5684 /* /Users/mac/Documents/GitHub/MacLearn/Source/opencv-3.4.6/modules/python/bindings/CMakeLists.txt */ = {isa = PBXFileReference; explicitFileType = sourcecode.text; fileEncoding = 4; name = CMakeLists.txt; path = CMakeLists.txt; sourceTree = SOURCE_ROOT; };
		ADAA796AD7E14F0AB29FF096 /* /Users/mac/Documents/GitHub/MacLearn/Source/opencv-3.4.6/modules/python/bindings/CMakeLists.txt */ = {isa = PBXFileReference; explicitFileType = sourcecode.text; fileEncoding = 4; name = CMakeLists.txt; path = CMakeLists.txt; sourceTree = SOURCE_ROOT; };
/* End PBXFileReference section */

/* Begin PBXGroup section */
		3A7A15FD3101415F96D9528F = {
			isa = PBXGroup;
			children = (
				769CB9C2E6C449C2A27E5A93 /* gen_opencv_python_source */,
				AC89395E2FD44612911BA476 /* ALL_BUILD */,
				EF64E061F1974DA88F96A0D8 /* Products */,
			);
			sourceTree = "<group>";
		};
		769CB9C2E6C449C2A27E5A93 /* gen_opencv_python_source */ = {
			isa = PBXGroup;
			children = (
				A765B110F664408BA42C1009 /* CMake Rules */,
				ADAA796AD7E14F0AB29FF096 /* /Users/mac/Documents/GitHub/MacLearn/Source/opencv-3.4.6/modules/python/bindings/CMakeLists.txt */,
			);
			name = gen_opencv_python_source;
			sourceTree = "<group>";
		};
		A765B110F664408BA42C1009 /* CMake Rules */ = {
			isa = PBXGroup;
			children = (
			);
			name = "CMake Rules";
			sourceTree = "<group>";
		};
		AC89395E2FD44612911BA476 /* ALL_BUILD */ = {
			isa = PBXGroup;
			children = (
				D32C6E1FB48646D1A42BA7E5 /* CMake Rules */,
				39B1E181F8B04F70A61C5684 /* /Users/mac/Documents/GitHub/MacLearn/Source/opencv-3.4.6/modules/python/bindings/CMakeLists.txt */,
			);
			name = ALL_BUILD;
			sourceTree = "<group>";
		};
		D32C6E1FB48646D1A42BA7E5 /* CMake Rules */ = {
			isa = PBXGroup;
			children = (
			);
			name = "CMake Rules";
			sourceTree = "<group>";
		};
		EF64E061F1974DA88F96A0D8 /* Products */ = {
			isa = PBXGroup;
			children = (
			);
			name = Products;
			sourceTree = "<group>";
		};
/* End PBXGroup section */

/* Begin PBXProject section */
		9004B654FA0244D880123F43 /* Project object */ = {
			isa = PBXProject;
			attributes = {
				BuildIndependentTargetsInParallel = YES;
				LastUpgradeCheck = 1020;
			};
			buildConfigurationList = D1581BD1D17044A582BB9F05 /* Build configuration list for PBXProject "opencv_python_bindings_generator" */;
			buildSettings = {
			};
			buildStyles = (
				8C8618CFF17A45D4BB345B17 /* Debug */,
				6E7F45D6C6B84FD3940E572B /* Release */,
			);
			compatibilityVersion = "Xcode 3.2";
			hasScannedForEncodings = 0;
			mainGroup = 3A7A15FD3101415F96D9528F;
			projectDirPath = ../../../modules/python/bindings;
			projectRoot = "";
			targets = (
				5F493E2D02754AC383412611 /* ALL_BUILD */,
				EBA73D7D8D4D4EF594850BAB /* RUN_TESTS */,
				FA335D46BE514AE188ACC538 /* ZERO_CHECK */,
				AB5CBD32F8BB49D9880D0C61 /* gen_opencv_python_source */,
				5A7B416EE38944FFBEF9479B /* install */,
				BC2F3F2B44CC478B94BE33EB /* package */,
			);
		};
/* End PBXProject section */

/* Begin PBXShellScriptBuildPhase section */
		04C3BA23F9044CA887C372CF /* CMake Rules */ = {
			isa = PBXShellScriptBuildPhase;
			buildActionMask = 2147483647;
			files = (
			);
			name = "CMake Rules";
			runOnlyForDeploymentPostprocessing = 0;
			shellPath = /bin/sh;
			shellScript = "make -C /Users/mac/Documents/GitHub/MacLearn/Source/opencv-3.4.6/BuildXcode/modules/python_bindings_generator -f /Users/mac/Documents/GitHub/MacLearn/Source/opencv-3.4.6/BuildXcode/modules/python_bindings_generator/CMakeScripts/ALL_BUILD_cmakeRulesBuildPhase.make$CONFIGURATION OBJDIR=$(basename \"$OBJECT_FILE_DIR_normal\") all";
			showEnvVarsInLog = 0;
		};
		077C2EF4912242A4BD9E8CD9 /* CMake Rules */ = {
			isa = PBXShellScriptBuildPhase;
			buildActionMask = 2147483647;
			files = (
			);
			name = "CMake Rules";
			runOnlyForDeploymentPostprocessing = 0;
			shellPath = /bin/sh;
			shellScript = "make -C /Users/mac/Documents/GitHub/MacLearn/Source/opencv-3.4.6/BuildXcode/modules/python_bindings_generator -f /Users/mac/Documents/GitHub/MacLearn/Source/opencv-3.4.6/BuildXcode/modules/python_bindings_generator/CMakeScripts/ZERO_CHECK_cmakeRulesBuildPhase.make$CONFIGURATION OBJDIR=$(basename \"$OBJECT_FILE_DIR_normal\") all";
			showEnvVarsInLog = 0;
		};
		1B730AB3A1824B7BAF816172 = {
			isa = PBXShellScriptBuildPhase;
			buildActionMask = 2147483647;
			files = (
			);
			inputPaths = (
			);
			outputPaths = (
			);
			runOnlyForDeploymentPostprocessing = 0;
			shellPath = /bin/sh;
			shellScript = "# shell script goes here
exit 0";
			showEnvVarsInLog = 0;
		};
		2A2AD3E8D5324A52BD3D5BB1 /* CMake Rules */ = {
			isa = PBXShellScriptBuildPhase;
			buildActionMask = 2147483647;
			files = (
			);
			name = "CMake Rules";
			runOnlyForDeploymentPostprocessing = 0;
			shellPath = /bin/sh;
			shellScript = "make -C /Users/mac/Documents/GitHub/MacLearn/Source/opencv-3.4.6/BuildXcode/modules/python_bindings_generator -f /Users/mac/Documents/GitHub/MacLearn/Source/opencv-3.4.6/BuildXcode/modules/python_bindings_generator/CMakeScripts/gen_opencv_python_source_cmakeRulesBuildPhase.make$CONFIGURATION OBJDIR=$(basename \"$OBJECT_FILE_DIR_normal\") all";
			showEnvVarsInLog = 0;
		};
		37069E5F6BB8441D90FF67DF /* CMake PostBuild Rules */ = {
			isa = PBXShellScriptBuildPhase;
			buildActionMask = 2147483647;
			files = (
			);
			name = "CMake PostBuild Rules";
			runOnlyForDeploymentPostprocessing = 0;
			shellPath = /bin/sh;
			shellScript = "make -C /Users/mac/Documents/GitHub/MacLearn/Source/opencv-3.4.6/BuildXcode/modules/python_bindings_generator -f /Users/mac/Documents/GitHub/MacLearn/Source/opencv-3.4.6/BuildXcode/modules/python_bindings_generator/CMakeScripts/install_postBuildPhase.make$CONFIGURATION OBJDIR=$(basename \"$OBJECT_FILE_DIR_normal\") all";
			showEnvVarsInLog = 0;
		};
		3D1B4691E5964BE58B96C07C = {
			isa = PBXShellScriptBuildPhase;
			buildActionMask = 2147483647;
			files = (
			);
			inputPaths = (
			);
			outputPaths = (
			);
			runOnlyForDeploymentPostprocessing = 0;
			shellPath = /bin/sh;
			shellScript = "# shell script goes here
exit 0";
			showEnvVarsInLog = 0;
		};
		7E2A26E9091F484BAA033EDF /* CMake PostBuild Rules */ = {
			isa = PBXShellScriptBuildPhase;
			buildActionMask = 2147483647;
			files = (
			);
			name = "CMake PostBuild Rules";
			runOnlyForDeploymentPostprocessing = 0;
			shellPath = /bin/sh;
			shellScript = "make -C /Users/mac/Documents/GitHub/MacLearn/Source/opencv-3.4.6/BuildXcode/modules/python_bindings_generator -f /Users/mac/Documents/GitHub/MacLearn/Source/opencv-3.4.6/BuildXcode/modules/python_bindings_generator/CMakeScripts/RUN_TESTS_postBuildPhase.make$CONFIGURATION OBJDIR=$(basename \"$OBJECT_FILE_DIR_normal\") all";
			showEnvVarsInLog = 0;
		};
		84C2F2E4809F4002AB04CBAC = {
			isa = PBXShellScriptBuildPhase;
			buildActionMask = 2147483647;
			files = (
			);
			inputPaths = (
			);
			outputPaths = (
			);
			runOnlyForDeploymentPostprocessing = 0;
			shellPath = /bin/sh;
			shellScript = "# shell script goes here
exit 0";
			showEnvVarsInLog = 0;
		};
		A0D9165820764F30955A93CB = {
			isa = PBXShellScriptBuildPhase;
			buildActionMask = 2147483647;
			files = (
			);
			inputPaths = (
			);
			outputPaths = (
			);
			runOnlyForDeploymentPostprocessing = 0;
			shellPath = /bin/sh;
			shellScript = "# shell script goes here
exit 0";
			showEnvVarsInLog = 0;
		};
		BE905256CAFD4D6AB38B5890 = {
			isa = PBXShellScriptBuildPhase;
			buildActionMask = 2147483647;
			files = (
			);
			inputPaths = (
			);
			outputPaths = (
			);
			runOnlyForDeploymentPostprocessing = 0;
			shellPath = /bin/sh;
			shellScript = "# shell script goes here
exit 0";
			showEnvVarsInLog = 0;
		};
		C0EF38800B9D4CB285F1261E /* CMake PostBuild Rules */ = {
			isa = PBXShellScriptBuildPhase;
			buildActionMask = 2147483647;
			files = (
			);
			name = "CMake PostBuild Rules";
			runOnlyForDeploymentPostprocessing = 0;
			shellPath = /bin/sh;
			shellScript = "make -C /Users/mac/Documents/GitHub/MacLearn/Source/opencv-3.4.6/BuildXcode/modules/python_bindings_generator -f /Users/mac/Documents/GitHub/MacLearn/Source/opencv-3.4.6/BuildXcode/modules/python_bindings_generator/CMakeScripts/package_postBuildPhase.make$CONFIGURATION OBJDIR=$(basename \"$OBJECT_FILE_DIR_normal\") all";
			showEnvVarsInLog = 0;
		};
		DF63C84F1F644643B5D91D70 = {
			isa = PBXShellScriptBuildPhase;
			buildActionMask = 2147483647;
			files = (
			);
			inputPaths = (
			);
			outputPaths = (
			);
			runOnlyForDeploymentPostprocessing = 0;
			shellPath = /bin/sh;
			shellScript = "# shell script goes here
exit 0";
			showEnvVarsInLog = 0;
		};
/* End PBXShellScriptBuildPhase section */

/* Begin PBXTargetDependency section */
		1859CAC6A8794E0CB78B6AAD /* PBXTargetDependency */ = {
			isa = PBXTargetDependency;
			target = FA335D46BE514AE188ACC538 /* ZERO_CHECK */;
			targetProxy = 9A31B447A5F2473C80542E17 /* PBXContainerItemProxy */;
		};
		20F6757974D341B99E81F638 /* PBXTargetDependency */ = {
			isa = PBXTargetDependency;
			target = FA335D46BE514AE188ACC538 /* ZERO_CHECK */;
			targetProxy = 8BD9C8320B6B4BBB8B1879A7 /* PBXContainerItemProxy */;
		};
		C7DEEE6B31394BE8A5E419E0 /* PBXTargetDependency */ = {
			isa = PBXTargetDependency;
			target = 5F493E2D02754AC383412611 /* ALL_BUILD */;
			targetProxy = 15068FE302B5420BB11D10B9 /* PBXContainerItemProxy */;
		};
		F4589EB18EEE479995D86AEE /* PBXTargetDependency */ = {
			isa = PBXTargetDependency;
			target = 5F493E2D02754AC383412611 /* ALL_BUILD */;
			targetProxy = 2B34649261EB4D87A74D6E4E /* PBXContainerItemProxy */;
		};
/* End PBXTargetDependency section */

/* Begin XCBuildConfiguration section */
		1A57F7D0C33E48748B68D01E /* Release */ = {
			isa = XCBuildConfiguration;
			buildSettings = {
				COMBINE_HIDPI_IMAGES = YES;
				GCC_GENERATE_DEBUGGING_SYMBOLS = YES;
				GCC_INLINES_ARE_PRIVATE_EXTERN = NO;
				GCC_OPTIMIZATION_LEVEL = 0;
				GCC_PREPROCESSOR_DEFINITIONS = ("'CMAKE_INTDIR=\"$(CONFIGURATION)$(EFFECTIVE_PLATFORM_NAME)\"'");
				GCC_SYMBOLS_PRIVATE_EXTERN = NO;
				INSTALL_PATH = "";
				OTHER_LDFLAGS = " ";
				OTHER_REZFLAGS = "";
				PRODUCT_NAME = RUN_TESTS;
				SECTORDER_FLAGS = "";
				SYMROOT = "/Users/mac/Documents/GitHub/MacLearn/Source/opencv-3.4.6/BuildXcode/modules/python_bindings_generator";
				USE_HEADERMAP = NO;
				WARNING_CFLAGS = ("-Wmost","-Wno-four-char-constants","-Wno-unknown-pragmas","$(inherited)");
			};
			name = Release;
		};
		365DAF27AE764A28B66855E3 /* Debug */ = {
			isa = XCBuildConfiguration;
			buildSettings = {
				COMBINE_HIDPI_IMAGES = YES;
				GCC_GENERATE_DEBUGGING_SYMBOLS = YES;
				GCC_INLINES_ARE_PRIVATE_EXTERN = NO;
				GCC_OPTIMIZATION_LEVEL = 0;
				GCC_PREPROCESSOR_DEFINITIONS = ("'CMAKE_INTDIR=\"$(CONFIGURATION)$(EFFECTIVE_PLATFORM_NAME)\"'");
				GCC_SYMBOLS_PRIVATE_EXTERN = NO;
				INSTALL_PATH = "";
				OTHER_LDFLAGS = " ";
				OTHER_REZFLAGS = "";
				PRODUCT_NAME = package;
				SECTORDER_FLAGS = "";
				SYMROOT = "/Users/mac/Documents/GitHub/MacLearn/Source/opencv-3.4.6/BuildXcode/modules/python_bindings_generator";
				USE_HEADERMAP = NO;
				WARNING_CFLAGS = ("-Wmost","-Wno-four-char-constants","-Wno-unknown-pragmas","$(inherited)");
			};
			name = Debug;
		};
		3B92EEC52DC44863A8328622 /* Release */ = {
			isa = XCBuildConfiguration;
			buildSettings = {
				ONLY_ACTIVE_ARCH = YES;
				SDKROOT = /Applications/Xcode.app/Contents/Developer/Platforms/MacOSX.platform/Developer/SDKs/MacOSX10.14.sdk;
				SYMROOT = "/Users/mac/Documents/GitHub/MacLearn/Source/opencv-3.4.6/BuildXcode/modules/python_bindings_generator/build";
			};
			name = Release;
		};
		542D0A2C73CB42AB85F0B3DF /* Debug */ = {
			isa = XCBuildConfiguration;
			buildSettings = {
				COMBINE_HIDPI_IMAGES = YES;
				GCC_GENERATE_DEBUGGING_SYMBOLS = YES;
				GCC_INLINES_ARE_PRIVATE_EXTERN = NO;
				GCC_OPTIMIZATION_LEVEL = 0;
				GCC_PREPROCESSOR_DEFINITIONS = ("'CMAKE_INTDIR=\"$(CONFIGURATION)$(EFFECTIVE_PLATFORM_NAME)\"'");
				GCC_SYMBOLS_PRIVATE_EXTERN = NO;
				INSTALL_PATH = "";
				OTHER_LDFLAGS = " ";
				OTHER_REZFLAGS = "";
				PRODUCT_NAME = install;
				SECTORDER_FLAGS = "";
				SYMROOT = "/Users/mac/Documents/GitHub/MacLearn/Source/opencv-3.4.6/BuildXcode/modules/python_bindings_generator";
				USE_HEADERMAP = NO;
				WARNING_CFLAGS = ("-Wmost","-Wno-four-char-constants","-Wno-unknown-pragmas","$(inherited)");
			};
			name = Debug;
		};
		63F8F6FC556A463EB377BFF6 /* Debug */ = {
			isa = XCBuildConfiguration;
			buildSettings = {
				COMBINE_HIDPI_IMAGES = YES;
				GCC_GENERATE_DEBUGGING_SYMBOLS = YES;
				GCC_INLINES_ARE_PRIVATE_EXTERN = NO;
				GCC_OPTIMIZATION_LEVEL = 0;
				GCC_PREPROCESSOR_DEFINITIONS = ("'CMAKE_INTDIR=\"$(CONFIGURATION)$(EFFECTIVE_PLATFORM_NAME)\"'");
				GCC_SYMBOLS_PRIVATE_EXTERN = NO;
				INSTALL_PATH = "";
				OTHER_LDFLAGS = " ";
				OTHER_REZFLAGS = "";
				PRODUCT_NAME = ALL_BUILD;
				SECTORDER_FLAGS = "";
				SYMROOT = "/Users/mac/Documents/GitHub/MacLearn/Source/opencv-3.4.6/BuildXcode/modules/python_bindings_generator";
				USE_HEADERMAP = NO;
				WARNING_CFLAGS = ("-Wmost","-Wno-four-char-constants","-Wno-unknown-pragmas","$(inherited)");
			};
			name = Debug;
		};
		648BF8458FF2430590A7AAC1 /* Debug */ = {
			isa = XCBuildConfiguration;
			buildSettings = {
				COMBINE_HIDPI_IMAGES = YES;
				GCC_GENERATE_DEBUGGING_SYMBOLS = YES;
				GCC_INLINES_ARE_PRIVATE_EXTERN = NO;
				GCC_OPTIMIZATION_LEVEL = 0;
				GCC_PREPROCESSOR_DEFINITIONS = ("'CMAKE_INTDIR=\"$(CONFIGURATION)$(EFFECTIVE_PLATFORM_NAME)\"'");
				GCC_SYMBOLS_PRIVATE_EXTERN = NO;
				INSTALL_PATH = "";
				OTHER_LDFLAGS = " ";
				OTHER_REZFLAGS = "";
				PRODUCT_NAME = gen_opencv_python_source;
				SECTORDER_FLAGS = "";
				SYMROOT = "/Users/mac/Documents/GitHub/MacLearn/Source/opencv-3.4.6/BuildXcode/modules/python_bindings_generator";
				USE_HEADERMAP = NO;
				WARNING_CFLAGS = ("-Wmost","-Wno-four-char-constants","-Wno-unknown-pragmas","$(inherited)");
			};
			name = Debug;
		};
		70F1F5C5914846969461DF45 /* Debug */ = {
			isa = XCBuildConfiguration;
			buildSettings = {
				ONLY_ACTIVE_ARCH = YES;
				SDKROOT = /Applications/Xcode.app/Contents/Developer/Platforms/MacOSX.platform/Developer/SDKs/MacOSX10.14.sdk;
				SYMROOT = "/Users/mac/Documents/GitHub/MacLearn/Source/opencv-3.4.6/BuildXcode/modules/python_bindings_generator/build";
			};
			name = Debug;
		};
		71DDE965A35642B69598EF3E /* Release */ = {
			isa = XCBuildConfiguration;
			buildSettings = {
				COMBINE_HIDPI_IMAGES = YES;
				GCC_GENERATE_DEBUGGING_SYMBOLS = YES;
				GCC_INLINES_ARE_PRIVATE_EXTERN = NO;
				GCC_OPTIMIZATION_LEVEL = 0;
				GCC_PREPROCESSOR_DEFINITIONS = ("'CMAKE_INTDIR=\"$(CONFIGURATION)$(EFFECTIVE_PLATFORM_NAME)\"'");
				GCC_SYMBOLS_PRIVATE_EXTERN = NO;
				INSTALL_PATH = "";
				OTHER_LDFLAGS = " ";
				OTHER_REZFLAGS = "";
				PRODUCT_NAME = install;
				SECTORDER_FLAGS = "";
				SYMROOT = "/Users/mac/Documents/GitHub/MacLearn/Source/opencv-3.4.6/BuildXcode/modules/python_bindings_generator";
				USE_HEADERMAP = NO;
				WARNING_CFLAGS = ("-Wmost","-Wno-four-char-constants","-Wno-unknown-pragmas","$(inherited)");
			};
			name = Release;
		};
		79CCD953D81E48A398FC0820 /* Release */ = {
			isa = XCBuildConfiguration;
			buildSettings = {
				COMBINE_HIDPI_IMAGES = YES;
				GCC_GENERATE_DEBUGGING_SYMBOLS = YES;
				GCC_INLINES_ARE_PRIVATE_EXTERN = NO;
				GCC_OPTIMIZATION_LEVEL = 0;
				GCC_PREPROCESSOR_DEFINITIONS = ("'CMAKE_INTDIR=\"$(CONFIGURATION)$(EFFECTIVE_PLATFORM_NAME)\"'");
				GCC_SYMBOLS_PRIVATE_EXTERN = NO;
				INSTALL_PATH = "";
				OTHER_LDFLAGS = " ";
				OTHER_REZFLAGS = "";
				PRODUCT_NAME = gen_opencv_python_source;
				SECTORDER_FLAGS = "";
				SYMROOT = "/Users/mac/Documents/GitHub/MacLearn/Source/opencv-3.4.6/BuildXcode/modules/python_bindings_generator";
				USE_HEADERMAP = NO;
				WARNING_CFLAGS = ("-Wmost","-Wno-four-char-constants","-Wno-unknown-pragmas","$(inherited)");
			};
			name = Release;
		};
		8AC6B0A8EB0A44B9925E9916 /* Debug */ = {
			isa = XCBuildConfiguration;
			buildSettings = {
				COMBINE_HIDPI_IMAGES = YES;
				GCC_GENERATE_DEBUGGING_SYMBOLS = YES;
				GCC_INLINES_ARE_PRIVATE_EXTERN = NO;
				GCC_OPTIMIZATION_LEVEL = 0;
				GCC_PREPROCESSOR_DEFINITIONS = ("'CMAKE_INTDIR=\"$(CONFIGURATION)$(EFFECTIVE_PLATFORM_NAME)\"'");
				GCC_SYMBOLS_PRIVATE_EXTERN = NO;
				INSTALL_PATH = "";
				OTHER_LDFLAGS = " ";
				OTHER_REZFLAGS = "";
				PRODUCT_NAME = RUN_TESTS;
				SECTORDER_FLAGS = "";
				SYMROOT = "/Users/mac/Documents/GitHub/MacLearn/Source/opencv-3.4.6/BuildXcode/modules/python_bindings_generator";
				USE_HEADERMAP = NO;
				WARNING_CFLAGS = ("-Wmost","-Wno-four-char-constants","-Wno-unknown-pragmas","$(inherited)");
			};
			name = Debug;
		};
		C3BBE361510644B7A85BF21F /* Release */ = {
			isa = XCBuildConfiguration;
			buildSettings = {
				COMBINE_HIDPI_IMAGES = YES;
				GCC_GENERATE_DEBUGGING_SYMBOLS = YES;
				GCC_INLINES_ARE_PRIVATE_EXTERN = NO;
				GCC_OPTIMIZATION_LEVEL = 0;
				GCC_PREPROCESSOR_DEFINITIONS = ("'CMAKE_INTDIR=\"$(CONFIGURATION)$(EFFECTIVE_PLATFORM_NAME)\"'");
				GCC_SYMBOLS_PRIVATE_EXTERN = NO;
				INSTALL_PATH = "";
				OTHER_LDFLAGS = " ";
				OTHER_REZFLAGS = "";
				PRODUCT_NAME = ZERO_CHECK;
				SECTORDER_FLAGS = "";
				SYMROOT = "/Users/mac/Documents/GitHub/MacLearn/Source/opencv-3.4.6/BuildXcode/modules/python_bindings_generator";
				USE_HEADERMAP = NO;
				WARNING_CFLAGS = ("-Wmost","-Wno-four-char-constants","-Wno-unknown-pragmas","$(inherited)");
			};
			name = Release;
		};
		D729A2D83EFF4FAE8382E9AE /* Release */ = {
			isa = XCBuildConfiguration;
			buildSettings = {
				COMBINE_HIDPI_IMAGES = YES;
				GCC_GENERATE_DEBUGGING_SYMBOLS = YES;
				GCC_INLINES_ARE_PRIVATE_EXTERN = NO;
				GCC_OPTIMIZATION_LEVEL = 0;
				GCC_PREPROCESSOR_DEFINITIONS = ("'CMAKE_INTDIR=\"$(CONFIGURATION)$(EFFECTIVE_PLATFORM_NAME)\"'");
				GCC_SYMBOLS_PRIVATE_EXTERN = NO;
				INSTALL_PATH = "";
				OTHER_LDFLAGS = " ";
				OTHER_REZFLAGS = "";
				PRODUCT_NAME = ALL_BUILD;
				SECTORDER_FLAGS = "";
				SYMROOT = "/Users/mac/Documents/GitHub/MacLearn/Source/opencv-3.4.6/BuildXcode/modules/python_bindings_generator";
				USE_HEADERMAP = NO;
				WARNING_CFLAGS = ("-Wmost","-Wno-four-char-constants","-Wno-unknown-pragmas","$(inherited)");
			};
			name = Release;
		};
		D75B3CB085124EFDAFD3CFE3 /* Debug */ = {
			isa = XCBuildConfiguration;
			buildSettings = {
				COMBINE_HIDPI_IMAGES = YES;
				GCC_GENERATE_DEBUGGING_SYMBOLS = YES;
				GCC_INLINES_ARE_PRIVATE_EXTERN = NO;
				GCC_OPTIMIZATION_LEVEL = 0;
				GCC_PREPROCESSOR_DEFINITIONS = ("'CMAKE_INTDIR=\"$(CONFIGURATION)$(EFFECTIVE_PLATFORM_NAME)\"'");
				GCC_SYMBOLS_PRIVATE_EXTERN = NO;
				INSTALL_PATH = "";
				OTHER_LDFLAGS = " ";
				OTHER_REZFLAGS = "";
				PRODUCT_NAME = ZERO_CHECK;
				SECTORDER_FLAGS = "";
				SYMROOT = "/Users/mac/Documents/GitHub/MacLearn/Source/opencv-3.4.6/BuildXcode/modules/python_bindings_generator";
				USE_HEADERMAP = NO;
				WARNING_CFLAGS = ("-Wmost","-Wno-four-char-constants","-Wno-unknown-pragmas","$(inherited)");
			};
			name = Debug;
		};
		F850C2384A3E400F8EDE5A8C /* Release */ = {
			isa = XCBuildConfiguration;
			buildSettings = {
				COMBINE_HIDPI_IMAGES = YES;
				GCC_GENERATE_DEBUGGING_SYMBOLS = YES;
				GCC_INLINES_ARE_PRIVATE_EXTERN = NO;
				GCC_OPTIMIZATION_LEVEL = 0;
				GCC_PREPROCESSOR_DEFINITIONS = ("'CMAKE_INTDIR=\"$(CONFIGURATION)$(EFFECTIVE_PLATFORM_NAME)\"'");
				GCC_SYMBOLS_PRIVATE_EXTERN = NO;
				INSTALL_PATH = "";
				OTHER_LDFLAGS = " ";
				OTHER_REZFLAGS = "";
				PRODUCT_NAME = package;
				SECTORDER_FLAGS = "";
				SYMROOT = "/Users/mac/Documents/GitHub/MacLearn/Source/opencv-3.4.6/BuildXcode/modules/python_bindings_generator";
				USE_HEADERMAP = NO;
				WARNING_CFLAGS = ("-Wmost","-Wno-four-char-constants","-Wno-unknown-pragmas","$(inherited)");
			};
			name = Release;
		};
/* End XCBuildConfiguration section */

/* Begin XCConfigurationList section */
		02D0840D8E0E4927B871A045 /* Build configuration list for PBXAggregateTarget "RUN_TESTS" */ = {
			isa = XCConfigurationList;
			buildConfigurations = (
				8AC6B0A8EB0A44B9925E9916 /* Debug */,
				1A57F7D0C33E48748B68D01E /* Release */,
			);
			defaultConfigurationIsVisible = 0;
			defaultConfigurationName = Debug;
		};
		13115565D5C54FF180BC3C76 /* Build configuration list for PBXAggregateTarget "ALL_BUILD" */ = {
			isa = XCConfigurationList;
			buildConfigurations = (
				63F8F6FC556A463EB377BFF6 /* Debug */,
				D729A2D83EFF4FAE8382E9AE /* Release */,
			);
			defaultConfigurationIsVisible = 0;
			defaultConfigurationName = Debug;
		};
		17365511FC784800959FCB20 /* Build configuration list for PBXAggregateTarget "gen_opencv_python_source" */ = {
			isa = XCConfigurationList;
			buildConfigurations = (
				648BF8458FF2430590A7AAC1 /* Debug */,
				79CCD953D81E48A398FC0820 /* Release */,
			);
			defaultConfigurationIsVisible = 0;
			defaultConfigurationName = Debug;
		};
		7EC49A242BA043CB902DFAFD /* Build configuration list for PBXAggregateTarget "package" */ = {
			isa = XCConfigurationList;
			buildConfigurations = (
				365DAF27AE764A28B66855E3 /* Debug */,
				F850C2384A3E400F8EDE5A8C /* Release */,
			);
			defaultConfigurationIsVisible = 0;
			defaultConfigurationName = Debug;
		};
		A247854F0D0B44B6AFF0A7EC /* Build configuration list for PBXAggregateTarget "install" */ = {
			isa = XCConfigurationList;
			buildConfigurations = (
				542D0A2C73CB42AB85F0B3DF /* Debug */,
				71DDE965A35642B69598EF3E /* Release */,
			);
			defaultConfigurationIsVisible = 0;
			defaultConfigurationName = Debug;
		};
		D1581BD1D17044A582BB9F05 /* Build configuration list for PBXProject "opencv_python_bindings_generator" */ = {
			isa = XCConfigurationList;
			buildConfigurations = (
				70F1F5C5914846969461DF45 /* Debug */,
				3B92EEC52DC44863A8328622 /* Release */,
			);
			defaultConfigurationIsVisible = 0;
			defaultConfigurationName = Debug;
		};
		F96255CA663243389EDA5AD1 /* Build configuration list for PBXAggregateTarget "ZERO_CHECK" */ = {
			isa = XCConfigurationList;
			buildConfigurations = (
				D75B3CB085124EFDAFD3CFE3 /* Debug */,
				C3BBE361510644B7A85BF21F /* Release */,
			);
			defaultConfigurationIsVisible = 0;
			defaultConfigurationName = Debug;
		};
/* End XCConfigurationList section */
	};
	rootObject = 9004B654FA0244D880123F43 /* Project object */;
}
