// !$*UTF8*$!
{
	archiveVersion = 1;
	classes = {
	};
	objectVersion = 46;
	objects = {

/* Begin PBXAggregateTarget section */
		5A7B416EE38944FFBEF9479B /* install */ = {
			isa = PBXAggregateTarget;
			buildConfigurationList = 35202C08725A4224BD38D72E /* Build configuration list for PBXAggregateTarget "install" */;
			buildPhases = (
				5B9C6BA00FD34FCA9AFB2617 /* CMake PostBuild Rules */,
			);
			dependencies = (
				138E1C0C67A64132890B7419 /* PBXTargetDependency */,
			);
			name = install;
			productName = install;
		};
		5F493E2D02754AC383412611 /* ALL_BUILD */ = {
			isa = PBXAggregateTarget;
			buildConfigurationList = 2FA2E463A29A44839314570D /* Build configuration list for PBXAggregateTarget "ALL_BUILD" */;
			buildPhases = (
				FC4DB13C9578451DA3031166 /* CMake Rules */,
			);
			dependencies = (
				DDE8E92D9FDA4C0CB5A5F3D4 /* PBXTargetDependency */,
				1EE3F7CB226447568FF85E36 /* PBXTargetDependency */,
			);
			name = ALL_BUILD;
			productName = ALL_BUILD;
		};
		BC2F3F2B44CC478B94BE33EB /* package */ = {
			isa = PBXAggregateTarget;
			buildConfigurationList = ABC167C8CB484E099C69C0CC /* Build configuration list for PBXAggregateTarget "package" */;
			buildPhases = (
				C7F9F337E78B4020AE31A2DE /* CMake PostBuild Rules */,
			);
			dependencies = (
				C995E58C307B46B8835BE9EF /* PBXTargetDependency */,
			);
			name = package;
			productName = package;
		};
		EBA73D7D8D4D4EF594850BAB /* RUN_TESTS */ = {
			isa = PBXAggregateTarget;
			buildConfigurationList = 4CA7B5D1004D4733B753C592 /* Build configuration list for PBXAggregateTarget "RUN_TESTS" */;
			buildPhases = (
				A8237DD05F534D01AFC259BD /* CMake PostBuild Rules */,
			);
			dependencies = (
			);
			name = RUN_TESTS;
			productName = RUN_TESTS;
		};
		FA335D46BE514AE188ACC538 /* ZERO_CHECK */ = {
			isa = PBXAggregateTarget;
			buildConfigurationList = 1972ED02ED0847D08C3F5DC1 /* Build configuration list for PBXAggregateTarget "ZERO_CHECK" */;
			buildPhases = (
				C30FC12B53264F9692CDACE7 /* CMake Rules */,
			);
			dependencies = (
			);
			name = ZERO_CHECK;
			productName = ZERO_CHECK;
		};
/* End PBXAggregateTarget section */

/* Begin PBXBuildFile section */
		4C7FECA73DF74EE68D7ACFF6 /* /Users/mac/Documents/GitHub/MacLearn/Source/opencv-3.4.6/apps/version/opencv_version.cpp */ = {isa = PBXBuildFile; fileRef = 4E4485FD88194925BD5C317B /* /Users/mac/Documents/GitHub/MacLearn/Source/opencv-3.4.6/apps/version/opencv_version.cpp */; };
		648E49C1F1D142BD92B39AFD /* /Users/mac/Documents/GitHub/MacLearn/Source/opencv-3.4.6/apps/version/CMakeLists.txt */ = {isa = PBXBuildFile; fileRef = 91EB3BB02C594FD59CA25698 /* /Users/mac/Documents/GitHub/MacLearn/Source/opencv-3.4.6/apps/version/CMakeLists.txt */; };
/* End PBXBuildFile section */

/* Begin PBXBuildStyle section */
		10BA36FC207C4A679C88F296 /* Debug */ = {
			isa = PBXBuildStyle;
			buildSettings = {
				COPY_PHASE_STRIP = NO;
			};
			name = Debug;
		};
		1F49905DFEC6497DAA1E9245 /* Release */ = {
			isa = PBXBuildStyle;
			buildSettings = {
				COPY_PHASE_STRIP = NO;
			};
			name = Release;
		};
/* End PBXBuildStyle section */

/* Begin PBXContainerItemProxy section */
		47A918244DB4408CA83D75E5 /* PBXContainerItemProxy */ = {
			isa = PBXContainerItemProxy;
			containerPortal = DF421A38D40E426EBB24FF92 /* Project object */;
			proxyType = 1;
			remoteGlobalIDString = 5F493E2D02754AC383412611;
			remoteInfo = ALL_BUILD;
		};
		90B0EEB9511543E0ACF2BCB9 /* PBXContainerItemProxy */ = {
			isa = PBXContainerItemProxy;
			containerPortal = DF421A38D40E426EBB24FF92 /* Project object */;
			proxyType = 1;
			remoteGlobalIDString = ED738C8C63064B96A0ABB98A;
			remoteInfo = opencv_version;
		};
		A36ED09C95B34CFBA0AC4642 /* PBXContainerItemProxy */ = {
			isa = PBXContainerItemProxy;
			containerPortal = DF421A38D40E426EBB24FF92 /* Project object */;
			proxyType = 1;
			remoteGlobalIDString = FA335D46BE514AE188ACC538;
			remoteInfo = ZERO_CHECK;
		};
		B4B69C029C0A40E8BE3FF313 /* PBXContainerItemProxy */ = {
			isa = PBXContainerItemProxy;
			containerPortal = DF421A38D40E426EBB24FF92 /* Project object */;
			proxyType = 1;
			remoteGlobalIDString = 5F493E2D02754AC383412611;
			remoteInfo = ALL_BUILD;
		};
		BF36B3F75EEA477B8DA693CB /* PBXContainerItemProxy */ = {
			isa = PBXContainerItemProxy;
			containerPortal = DF421A38D40E426EBB24FF92 /* Project object */;
			proxyType = 1;
			remoteGlobalIDString = FA335D46BE514AE188ACC538;
			remoteInfo = ZERO_CHECK;
		};
/* End PBXContainerItemProxy section */

/* Begin PBXFileReference section */
		4E4485FD88194925BD5C317B /* /Users/mac/Documents/GitHub/MacLearn/Source/opencv-3.4.6/apps/version/opencv_version.cpp */ = {isa = PBXFileReference; explicitFileType = sourcecode.cpp.cpp; fileEncoding = 4; name = opencv_version.cpp; path = opencv_version.cpp; sourceTree = SOURCE_ROOT; };
		5AD23748187B47B8B7A6171B /* opencv_version */ = {isa = PBXFileReference; explicitFileType = "compiled.mach-o.executable"; path = opencv_version; sourceTree = BUILT_PRODUCTS_DIR; };
		91EB3BB02C594FD59CA25698 /* /Users/mac/Documents/GitHub/MacLearn/Source/opencv-3.4.6/apps/version/CMakeLists.txt */ = {isa = PBXFileReference; explicitFileType = sourcecode.text; fileEncoding = 4; name = CMakeLists.txt; path = CMakeLists.txt; sourceTree = SOURCE_ROOT; };
		A81E7C3842044B93AF55B3C1 /* /Users/mac/Documents/GitHub/MacLearn/Source/opencv-3.4.6/apps/version/CMakeLists.txt */ = {isa = PBXFileReference; explicitFileType = sourcecode.text; fileEncoding = 4; name = CMakeLists.txt; path = CMakeLists.txt; sourceTree = SOURCE_ROOT; };
/* End PBXFileReference section */

/* Begin PBXGroup section */
		1F7EA4E38B804CFDB1FF28E9 /* opencv_version */ = {
			isa = PBXGroup;
			children = (
				C18A5D7FFE9C46A4A13953B3 /* Source Files */,
				91EB3BB02C594FD59CA25698 /* /Users/mac/Documents/GitHub/MacLearn/Source/opencv-3.4.6/apps/version/CMakeLists.txt */,
			);
			name = opencv_version;
			sourceTree = "<group>";
		};
		24C4F781944D4D519A6D5123 /* ALL_BUILD */ = {
			isa = PBXGroup;
			children = (
				4CCD587B7A684BC88C742D20 /* CMake Rules */,
				A81E7C3842044B93AF55B3C1 /* /Users/mac/Documents/GitHub/MacLearn/Source/opencv-3.4.6/apps/version/CMakeLists.txt */,
			);
			name = ALL_BUILD;
			sourceTree = "<group>";
		};
		4CCD587B7A684BC88C742D20 /* CMake Rules */ = {
			isa = PBXGroup;
			children = (
			);
			name = "CMake Rules";
			sourceTree = "<group>";
		};
		68EBAA50C8FC462EA1A22EDD = {
			isa = PBXGroup;
			children = (
				E304828D29D542E197E17957 /* applications */,
				24C4F781944D4D519A6D5123 /* ALL_BUILD */,
				7F500B22324C452D8DB0D399 /* Products */,
			);
			sourceTree = "<group>";
		};
		7F500B22324C452D8DB0D399 /* Products */ = {
			isa = PBXGroup;
			children = (
				5AD23748187B47B8B7A6171B /* opencv_version */,
			);
			name = Products;
			sourceTree = "<group>";
		};
		C18A5D7FFE9C46A4A13953B3 /* Source Files */ = {
			isa = PBXGroup;
			children = (
				4E4485FD88194925BD5C317B /* /Users/mac/Documents/GitHub/MacLearn/Source/opencv-3.4.6/apps/version/opencv_version.cpp */,
			);
			name = "Source Files";
			sourceTree = "<group>";
		};
		E304828D29D542E197E17957 /* applications */ = {
			isa = PBXGroup;
			children = (
				1F7EA4E38B804CFDB1FF28E9 /* opencv_version */,
			);
			name = applications;
			sourceTree = "<group>";
		};
/* End PBXGroup section */

/* Begin PBXNativeTarget section */
		ED738C8C63064B96A0ABB98A /* opencv_version */ = {
			isa = PBXNativeTarget;
			buildConfigurationList = 2F4C6EA3C51A4698AD00FD5F /* Build configuration list for PBXNativeTarget "opencv_version" */;
			buildPhases = (
				ACE40232C01E4B3398C3D083 /* Sources */,
			);
			buildRules = (
			);
			dependencies = (
				6172C239773647AD93FA02B1 /* PBXTargetDependency */,
			);
			name = opencv_version;
			productName = opencv_version;
			productReference = 5AD23748187B47B8B7A6171B /* opencv_version */;
			productType = "com.apple.product-type.tool";
		};
/* End PBXNativeTarget section */

/* Begin PBXProject section */
		DF421A38D40E426EBB24FF92 /* Project object */ = {
			isa = PBXProject;
			attributes = {
				BuildIndependentTargetsInParallel = YES;
				LastUpgradeCheck = 1020;
			};
			buildConfigurationList = F6D36EB08EF64F63A9F679AC /* Build configuration list for PBXProject "opencv_version" */;
			buildSettings = {
			};
			buildStyles = (
				10BA36FC207C4A679C88F296 /* Debug */,
				1F49905DFEC6497DAA1E9245 /* Release */,
			);
			compatibilityVersion = "Xcode 3.2";
			hasScannedForEncodings = 0;
			mainGroup = 68EBAA50C8FC462EA1A22EDD;
			projectDirPath = ../../../apps/version;
			projectRoot = "";
			targets = (
				5F493E2D02754AC383412611 /* ALL_BUILD */,
				EBA73D7D8D4D4EF594850BAB /* RUN_TESTS */,
				FA335D46BE514AE188ACC538 /* ZERO_CHECK */,
				5A7B416EE38944FFBEF9479B /* install */,
				ED738C8C63064B96A0ABB98A /* opencv_version */,
				BC2F3F2B44CC478B94BE33EB /* package */,
			);
		};
/* End PBXProject section */

/* Begin PBXShellScriptBuildPhase section */
		0E9B6166F58D44AB8DB8939F = {
			isa = PBXShellScriptBuildPhase;
			buildActionMask = 2147483647;
			files = (
			);
			inputPaths = (
			);
			outputPaths = (
			);
			runOnlyForDeploymentPostprocessing = 0;
			shellPath = /bin/sh;
			shellScript = "# shell script goes here
exit 0";
			showEnvVarsInLog = 0;
		};
		5B9C6BA00FD34FCA9AFB2617 /* CMake PostBuild Rules */ = {
			isa = PBXShellScriptBuildPhase;
			buildActionMask = 2147483647;
			files = (
			);
			name = "CMake PostBuild Rules";
			runOnlyForDeploymentPostprocessing = 0;
			shellPath = /bin/sh;
			shellScript = "make -C /Users/mac/Documents/GitHub/MacLearn/Source/opencv-3.4.6/BuildXcode/apps/version -f /Users/mac/Documents/GitHub/MacLearn/Source/opencv-3.4.6/BuildXcode/apps/version/CMakeScripts/install_postBuildPhase.make$CONFIGURATION OBJDIR=$(basename \"$OBJECT_FILE_DIR_normal\") all";
			showEnvVarsInLog = 0;
		};
		7D9413D75F75445997F2DBD0 = {
			isa = PBXShellScriptBuildPhase;
			buildActionMask = 2147483647;
			files = (
			);
			inputPaths = (
			);
			outputPaths = (
			);
			runOnlyForDeploymentPostprocessing = 0;
			shellPath = /bin/sh;
			shellScript = "# shell script goes here
exit 0";
			showEnvVarsInLog = 0;
		};
		9B3D5A4C4332465BA99041B7 = {
			isa = PBXShellScriptBuildPhase;
			buildActionMask = 2147483647;
			files = (
			);
			inputPaths = (
			);
			outputPaths = (
			);
			runOnlyForDeploymentPostprocessing = 0;
			shellPath = /bin/sh;
			shellScript = "# shell script goes here
exit 0";
			showEnvVarsInLog = 0;
		};
		A8237DD05F534D01AFC259BD /* CMake PostBuild Rules */ = {
			isa = PBXShellScriptBuildPhase;
			buildActionMask = 2147483647;
			files = (
			);
			name = "CMake PostBuild Rules";
			runOnlyForDeploymentPostprocessing = 0;
			shellPath = /bin/sh;
			shellScript = "make -C /Users/mac/Documents/GitHub/MacLearn/Source/opencv-3.4.6/BuildXcode/apps/version -f /Users/mac/Documents/GitHub/MacLearn/Source/opencv-3.4.6/BuildXcode/apps/version/CMakeScripts/RUN_TESTS_postBuildPhase.make$CONFIGURATION OBJDIR=$(basename \"$OBJECT_FILE_DIR_normal\") all";
			showEnvVarsInLog = 0;
		};
		B26159A7684C40DFA9FFE6ED = {
			isa = PBXShellScriptBuildPhase;
			buildActionMask = 2147483647;
			files = (
			);
			inputPaths = (
			);
			outputPaths = (
			);
			runOnlyForDeploymentPostprocessing = 0;
			shellPath = /bin/sh;
			shellScript = "# shell script goes here
exit 0";
			showEnvVarsInLog = 0;
		};
		BC77B1BFA2464E758AA5640B = {
			isa = PBXShellScriptBuildPhase;
			buildActionMask = 2147483647;
			files = (
			);
			inputPaths = (
			);
			outputPaths = (
			);
			runOnlyForDeploymentPostprocessing = 0;
			shellPath = /bin/sh;
			shellScript = "# shell script goes here
exit 0";
			showEnvVarsInLog = 0;
		};
		C30FC12B53264F9692CDACE7 /* CMake Rules */ = {
			isa = PBXShellScriptBuildPhase;
			buildActionMask = 2147483647;
			files = (
			);
			name = "CMake Rules";
			runOnlyForDeploymentPostprocessing = 0;
			shellPath = /bin/sh;
			shellScript = "make -C /Users/mac/Documents/GitHub/MacLearn/Source/opencv-3.4.6/BuildXcode/apps/version -f /Users/mac/Documents/GitHub/MacLearn/Source/opencv-3.4.6/BuildXcode/apps/version/CMakeScripts/ZERO_CHECK_cmakeRulesBuildPhase.make$CONFIGURATION OBJDIR=$(basename \"$OBJECT_FILE_DIR_normal\") all";
			showEnvVarsInLog = 0;
		};
		C7F9F337E78B4020AE31A2DE /* CMake PostBuild Rules */ = {
			isa = PBXShellScriptBuildPhase;
			buildActionMask = 2147483647;
			files = (
			);
			name = "CMake PostBuild Rules";
			runOnlyForDeploymentPostprocessing = 0;
			shellPath = /bin/sh;
			shellScript = "make -C /Users/mac/Documents/GitHub/MacLearn/Source/opencv-3.4.6/BuildXcode/apps/version -f /Users/mac/Documents/GitHub/MacLearn/Source/opencv-3.4.6/BuildXcode/apps/version/CMakeScripts/package_postBuildPhase.make$CONFIGURATION OBJDIR=$(basename \"$OBJECT_FILE_DIR_normal\") all";
			showEnvVarsInLog = 0;
		};
		FC4DB13C9578451DA3031166 /* CMake Rules */ = {
			isa = PBXShellScriptBuildPhase;
			buildActionMask = 2147483647;
			files = (
			);
			name = "CMake Rules";
			runOnlyForDeploymentPostprocessing = 0;
			shellPath = /bin/sh;
			shellScript = "make -C /Users/mac/Documents/GitHub/MacLearn/Source/opencv-3.4.6/BuildXcode/apps/version -f /Users/mac/Documents/GitHub/MacLearn/Source/opencv-3.4.6/BuildXcode/apps/version/CMakeScripts/ALL_BUILD_cmakeRulesBuildPhase.make$CONFIGURATION OBJDIR=$(basename \"$OBJECT_FILE_DIR_normal\") all";
			showEnvVarsInLog = 0;
		};
/* End PBXShellScriptBuildPhase section */

/* Begin PBXSourcesBuildPhase section */
		ACE40232C01E4B3398C3D083 /* Sources */ = {
			isa = PBXSourcesBuildPhase;
			buildActionMask = 2147483647;
			files = (
				4C7FECA73DF74EE68D7ACFF6 /* /Users/mac/Documents/GitHub/MacLearn/Source/opencv-3.4.6/apps/version/opencv_version.cpp */,
			);
			runOnlyForDeploymentPostprocessing = 0;
		};
/* End PBXSourcesBuildPhase section */

/* Begin PBXTargetDependency section */
		138E1C0C67A64132890B7419 /* PBXTargetDependency */ = {
			isa = PBXTargetDependency;
			target = 5F493E2D02754AC383412611 /* ALL_BUILD */;
			targetProxy = 47A918244DB4408CA83D75E5 /* PBXContainerItemProxy */;
		};
		1EE3F7CB226447568FF85E36 /* PBXTargetDependency */ = {
			isa = PBXTargetDependency;
			target = FA335D46BE514AE188ACC538 /* ZERO_CHECK */;
			targetProxy = A36ED09C95B34CFBA0AC4642 /* PBXContainerItemProxy */;
		};
		6172C239773647AD93FA02B1 /* PBXTargetDependency */ = {
			isa = PBXTargetDependency;
			target = FA335D46BE514AE188ACC538 /* ZERO_CHECK */;
			targetProxy = BF36B3F75EEA477B8DA693CB /* PBXContainerItemProxy */;
		};
		C995E58C307B46B8835BE9EF /* PBXTargetDependency */ = {
			isa = PBXTargetDependency;
			target = 5F493E2D02754AC383412611 /* ALL_BUILD */;
			targetProxy = B4B69C029C0A40E8BE3FF313 /* PBXContainerItemProxy */;
		};
		DDE8E92D9FDA4C0CB5A5F3D4 /* PBXTargetDependency */ = {
			isa = PBXTargetDependency;
			target = ED738C8C63064B96A0ABB98A /* opencv_version */;
			targetProxy = 90B0EEB9511543E0ACF2BCB9 /* PBXContainerItemProxy */;
		};
/* End PBXTargetDependency section */

/* Begin XCBuildConfiguration section */
		148EF849094E4755BBFB8308 /* Debug */ = {
			isa = XCBuildConfiguration;
			buildSettings = {
				ONLY_ACTIVE_ARCH = YES;
				SDKROOT = /Applications/Xcode.app/Contents/Developer/Platforms/MacOSX.platform/Developer/SDKs/MacOSX10.14.sdk;
				SYMROOT = "/Users/mac/Documents/GitHub/MacLearn/Source/opencv-3.4.6/BuildXcode/apps/version/build";
			};
			name = Debug;
		};
		3669AF2C2F95473790C93CCE /* Release */ = {
			isa = XCBuildConfiguration;
			buildSettings = {
				COMBINE_HIDPI_IMAGES = YES;
				GCC_GENERATE_DEBUGGING_SYMBOLS = YES;
				GCC_INLINES_ARE_PRIVATE_EXTERN = NO;
				GCC_OPTIMIZATION_LEVEL = 0;
				GCC_PREPROCESSOR_DEFINITIONS = ("'CMAKE_INTDIR=\"$(CONFIGURATION)$(EFFECTIVE_PLATFORM_NAME)\"'");
				GCC_SYMBOLS_PRIVATE_EXTERN = NO;
				INSTALL_PATH = "";
				OTHER_LDFLAGS = " ";
				OTHER_REZFLAGS = "";
				PRODUCT_NAME = ALL_BUILD;
				SECTORDER_FLAGS = "";
				SYMROOT = "/Users/mac/Documents/GitHub/MacLearn/Source/opencv-3.4.6/BuildXcode/apps/version";
				USE_HEADERMAP = NO;
				WARNING_CFLAGS = ("-Wmost","-Wno-four-char-constants","-Wno-unknown-pragmas","$(inherited)");
			};
			name = Release;
		};
		4D3B1F41EF774A43BF15BA82 /* Release */ = {
			isa = XCBuildConfiguration;
			buildSettings = {
				COMBINE_HIDPI_IMAGES = YES;
				GCC_GENERATE_DEBUGGING_SYMBOLS = YES;
				GCC_INLINES_ARE_PRIVATE_EXTERN = NO;
				GCC_OPTIMIZATION_LEVEL = 0;
				GCC_PREPROCESSOR_DEFINITIONS = ("'CMAKE_INTDIR=\"$(CONFIGURATION)$(EFFECTIVE_PLATFORM_NAME)\"'");
				GCC_SYMBOLS_PRIVATE_EXTERN = NO;
				INSTALL_PATH = "";
				OTHER_LDFLAGS = " ";
				OTHER_REZFLAGS = "";
				PRODUCT_NAME = package;
				SECTORDER_FLAGS = "";
				SYMROOT = "/Users/mac/Documents/GitHub/MacLearn/Source/opencv-3.4.6/BuildXcode/apps/version";
				USE_HEADERMAP = NO;
				WARNING_CFLAGS = ("-Wmost","-Wno-four-char-constants","-Wno-unknown-pragmas","$(inherited)");
			};
			name = Release;
		};
		548612F1AE3F4011A194812D /* Release */ = {
			isa = XCBuildConfiguration;
			buildSettings = {
				COMBINE_HIDPI_IMAGES = YES;
				GCC_GENERATE_DEBUGGING_SYMBOLS = YES;
				GCC_INLINES_ARE_PRIVATE_EXTERN = NO;
				GCC_OPTIMIZATION_LEVEL = 0;
				GCC_PREPROCESSOR_DEFINITIONS = ("'CMAKE_INTDIR=\"$(CONFIGURATION)$(EFFECTIVE_PLATFORM_NAME)\"'");
				GCC_SYMBOLS_PRIVATE_EXTERN = NO;
				INSTALL_PATH = "";
				OTHER_LDFLAGS = " ";
				OTHER_REZFLAGS = "";
				PRODUCT_NAME = ZERO_CHECK;
				SECTORDER_FLAGS = "";
				SYMROOT = "/Users/mac/Documents/GitHub/MacLearn/Source/opencv-3.4.6/BuildXcode/apps/version";
				USE_HEADERMAP = NO;
				WARNING_CFLAGS = ("-Wmost","-Wno-four-char-constants","-Wno-unknown-pragmas","$(inherited)");
			};
			name = Release;
		};
		55050B53D73348F6AA35EE7F /* Release */ = {
			isa = XCBuildConfiguration;
			buildSettings = {
				COMBINE_HIDPI_IMAGES = YES;
				GCC_GENERATE_DEBUGGING_SYMBOLS = YES;
				GCC_INLINES_ARE_PRIVATE_EXTERN = NO;
				GCC_OPTIMIZATION_LEVEL = 0;
				GCC_PREPROCESSOR_DEFINITIONS = ("'CMAKE_INTDIR=\"$(CONFIGURATION)$(EFFECTIVE_PLATFORM_NAME)\"'");
				GCC_SYMBOLS_PRIVATE_EXTERN = NO;
				INSTALL_PATH = "";
				OTHER_LDFLAGS = " ";
				OTHER_REZFLAGS = "";
				PRODUCT_NAME = install;
				SECTORDER_FLAGS = "";
				SYMROOT = "/Users/mac/Documents/GitHub/MacLearn/Source/opencv-3.4.6/BuildXcode/apps/version";
				USE_HEADERMAP = NO;
				WARNING_CFLAGS = ("-Wmost","-Wno-four-char-constants","-Wno-unknown-pragmas","$(inherited)");
			};
			name = Release;
		};
		69124A1BF11348F6ABA10C67 /* Debug */ = {
			isa = XCBuildConfiguration;
			buildSettings = {
				COMBINE_HIDPI_IMAGES = YES;
				GCC_GENERATE_DEBUGGING_SYMBOLS = YES;
				GCC_INLINES_ARE_PRIVATE_EXTERN = NO;
				GCC_OPTIMIZATION_LEVEL = 0;
				GCC_PREPROCESSOR_DEFINITIONS = ("'CMAKE_INTDIR=\"$(CONFIGURATION)$(EFFECTIVE_PLATFORM_NAME)\"'");
				GCC_SYMBOLS_PRIVATE_EXTERN = NO;
				INSTALL_PATH = "";
				OTHER_LDFLAGS = " ";
				OTHER_REZFLAGS = "";
				PRODUCT_NAME = install;
				SECTORDER_FLAGS = "";
				SYMROOT = "/Users/mac/Documents/GitHub/MacLearn/Source/opencv-3.4.6/BuildXcode/apps/version";
				USE_HEADERMAP = NO;
				WARNING_CFLAGS = ("-Wmost","-Wno-four-char-constants","-Wno-unknown-pragmas","$(inherited)");
			};
			name = Debug;
		};
		7D5BA3715BAD4005A312F127 /* Debug */ = {
			isa = XCBuildConfiguration;
			buildSettings = {
				COMBINE_HIDPI_IMAGES = YES;
				GCC_GENERATE_DEBUGGING_SYMBOLS = YES;
				GCC_INLINES_ARE_PRIVATE_EXTERN = NO;
				GCC_OPTIMIZATION_LEVEL = 0;
				GCC_PREPROCESSOR_DEFINITIONS = ("'CMAKE_INTDIR=\"$(CONFIGURATION)$(EFFECTIVE_PLATFORM_NAME)\"'");
				GCC_SYMBOLS_PRIVATE_EXTERN = NO;
				INSTALL_PATH = "";
				OTHER_LDFLAGS = " ";
				OTHER_REZFLAGS = "";
				PRODUCT_NAME = package;
				SECTORDER_FLAGS = "";
				SYMROOT = "/Users/mac/Documents/GitHub/MacLearn/Source/opencv-3.4.6/BuildXcode/apps/version";
				USE_HEADERMAP = NO;
				WARNING_CFLAGS = ("-Wmost","-Wno-four-char-constants","-Wno-unknown-pragmas","$(inherited)");
			};
			name = Debug;
		};
		8BC86714C836486489419F31 /* Debug */ = {
			isa = XCBuildConfiguration;
			buildSettings = {
				COMBINE_HIDPI_IMAGES = YES;
				GCC_GENERATE_DEBUGGING_SYMBOLS = YES;
				GCC_INLINES_ARE_PRIVATE_EXTERN = NO;
				GCC_OPTIMIZATION_LEVEL = 0;
				GCC_PREPROCESSOR_DEFINITIONS = ("'CMAKE_INTDIR=\"$(CONFIGURATION)$(EFFECTIVE_PLATFORM_NAME)\"'");
				GCC_SYMBOLS_PRIVATE_EXTERN = NO;
				INSTALL_PATH = "";
				OTHER_LDFLAGS = " ";
				OTHER_REZFLAGS = "";
				PRODUCT_NAME = ZERO_CHECK;
				SECTORDER_FLAGS = "";
				SYMROOT = "/Users/mac/Documents/GitHub/MacLearn/Source/opencv-3.4.6/BuildXcode/apps/version";
				USE_HEADERMAP = NO;
				WARNING_CFLAGS = ("-Wmost","-Wno-four-char-constants","-Wno-unknown-pragmas","$(inherited)");
			};
			name = Debug;
		};
		9178A23506DB43A180E308DF /* Debug */ = {
			isa = XCBuildConfiguration;
			buildSettings = {
				COMBINE_HIDPI_IMAGES = YES;
				GCC_GENERATE_DEBUGGING_SYMBOLS = YES;
				GCC_INLINES_ARE_PRIVATE_EXTERN = NO;
				GCC_OPTIMIZATION_LEVEL = 0;
				GCC_PREPROCESSOR_DEFINITIONS = ("'CMAKE_INTDIR=\"$(CONFIGURATION)$(EFFECTIVE_PLATFORM_NAME)\"'");
				GCC_SYMBOLS_PRIVATE_EXTERN = NO;
				INSTALL_PATH = "";
				OTHER_LDFLAGS = " ";
				OTHER_REZFLAGS = "";
				PRODUCT_NAME = RUN_TESTS;
				SECTORDER_FLAGS = "";
				SYMROOT = "/Users/mac/Documents/GitHub/MacLearn/Source/opencv-3.4.6/BuildXcode/apps/version";
				USE_HEADERMAP = NO;
				WARNING_CFLAGS = ("-Wmost","-Wno-four-char-constants","-Wno-unknown-pragmas","$(inherited)");
			};
			name = Debug;
		};
		9CAA1A4F563B402DA057BA5E /* Release */ = {
			isa = XCBuildConfiguration;
			buildSettings = {
				COMBINE_HIDPI_IMAGES = YES;
				GCC_GENERATE_DEBUGGING_SYMBOLS = YES;
				GCC_INLINES_ARE_PRIVATE_EXTERN = NO;
				GCC_OPTIMIZATION_LEVEL = 0;
				GCC_PREPROCESSOR_DEFINITIONS = ("'CMAKE_INTDIR=\"$(CONFIGURATION)$(EFFECTIVE_PLATFORM_NAME)\"'");
				GCC_SYMBOLS_PRIVATE_EXTERN = NO;
				INSTALL_PATH = "";
				OTHER_LDFLAGS = " ";
				OTHER_REZFLAGS = "";
				PRODUCT_NAME = RUN_TESTS;
				SECTORDER_FLAGS = "";
				SYMROOT = "/Users/mac/Documents/GitHub/MacLearn/Source/opencv-3.4.6/BuildXcode/apps/version";
				USE_HEADERMAP = NO;
				WARNING_CFLAGS = ("-Wmost","-Wno-four-char-constants","-Wno-unknown-pragmas","$(inherited)");
			};
			name = Release;
		};
		AB067ECD983C421A907CC8E0 /* Release */ = {
			isa = XCBuildConfiguration;
			buildSettings = {
				COMBINE_HIDPI_IMAGES = YES;
				CONFIGURATION_BUILD_DIR = "/Users/mac/Documents/GitHub/MacLearn/Source/opencv-3.4.6/BuildXcode/bin/Release";
				EXECUTABLE_PREFIX = "";
				EXECUTABLE_SUFFIX = "";
				GCC_GENERATE_DEBUGGING_SYMBOLS = NO;
				GCC_INLINES_ARE_PRIVATE_EXTERN = NO;
				GCC_OPTIMIZATION_LEVEL = 3;
				GCC_PREPROCESSOR_DEFINITIONS = ("'CMAKE_INTDIR=\"$(CONFIGURATION)$(EFFECTIVE_PLATFORM_NAME)\"'","'__OPENCV_BUILD=1'","'__OPENCV_APPS=1'");
				GCC_SYMBOLS_PRIVATE_EXTERN = NO;
				HEADER_SEARCH_PATHS = ("/Users/mac/Documents/GitHub/MacLearn/Source/opencv-3.4.6/BuildXcode/3rdparty/ippicv/ippicv_mac/icv/include","/Users/mac/Documents/GitHub/MacLearn/Source/opencv-3.4.6/BuildXcode/3rdparty/ippicv/ippicv_mac/iw/include","/Users/mac/Documents/GitHub/MacLearn/Source/opencv-3.4.6/BuildXcode","/Users/mac/Documents/GitHub/MacLearn/Source/opencv-3.4.6/modules/core/include","/Users/mac/Documents/GitHub/MacLearn/Source/opencv-3.4.6/apps/version/PRIVATE","/Users/mac/Documents/GitHub/MacLearn/Source/opencv-3.4.6/include/opencv");
				INSTALL_PATH = "";
				LD_RUNPATH_SEARCH_PATHS = "/Users/mac/Documents/GitHub/MacLearn/Source/opencv-3.4.6/BuildXcode/lib/Release /usr/local/lib";
				LIBRARY_SEARCH_PATHS = " /usr/local/lib/$(CONFIGURATION)$(EFFECTIVE_PLATFORM_NAME) /usr/local/lib";
				OTHER_CPLUSPLUSFLAGS = "   -fsigned-char -W -Wall -Werror=return-type -Werror=non-virtual-dtor -Werror=address -Werror=sequence-point -Wformat -Werror=format-security -Wmissing-declarations -Wmissing-prototypes -Wstrict-prototypes -Wundef -Winit-self -Wpointer-arith -Wshadow -Wsign-promo -Wuninitialized -Winit-self -Wno-delete-non-virtual-dtor -Wno-unnamed-type-template-args -Wno-comment -fdiagnostics-show-option -Wno-long-long -Qunused-arguments -Wno-semicolon-before-method-body -ffunction-sections -fdata-sections  -fvisibility=hidden -fvisibility-inlines-hidden     -DNDEBUG  -DNDEBUG -fPIE  ";
				OTHER_LDFLAGS = "  -Wl,-dead_strip   -Wl,-search_paths_first -Wl,-headerpad_max_install_names  /Users/mac/Documents/GitHub/MacLearn/Source/opencv-3.4.6/BuildXcode/3rdparty/lib/Release/libippiw.a /Users/mac/Documents/GitHub/MacLearn/Source/opencv-3.4.6/BuildXcode/3rdparty/ippicv/ippicv_mac/icv/lib/intel64/libippicv.a /Users/mac/Documents/GitHub/MacLearn/Source/opencv-3.4.6/BuildXcode/lib/Release/libopencv_core.3.4.6.dylib";
				OTHER_REZFLAGS = "";
				PRODUCT_NAME = opencv_version;
				SECTORDER_FLAGS = "";
				SYMROOT = "/Users/mac/Documents/GitHub/MacLearn/Source/opencv-3.4.6/BuildXcode/apps/version";
				USE_HEADERMAP = NO;
				WARNING_CFLAGS = ("-Wmost","-Wno-four-char-constants","-Wno-unknown-pragmas","$(inherited)");
			};
			name = Release;
		};
		D8D74875E65944379C6CDD44 /* Debug */ = {
			isa = XCBuildConfiguration;
			buildSettings = {
				COMBINE_HIDPI_IMAGES = YES;
				GCC_GENERATE_DEBUGGING_SYMBOLS = YES;
				GCC_INLINES_ARE_PRIVATE_EXTERN = NO;
				GCC_OPTIMIZATION_LEVEL = 0;
				GCC_PREPROCESSOR_DEFINITIONS = ("'CMAKE_INTDIR=\"$(CONFIGURATION)$(EFFECTIVE_PLATFORM_NAME)\"'");
				GCC_SYMBOLS_PRIVATE_EXTERN = NO;
				INSTALL_PATH = "";
				OTHER_LDFLAGS = " ";
				OTHER_REZFLAGS = "";
				PRODUCT_NAME = ALL_BUILD;
				SECTORDER_FLAGS = "";
				SYMROOT = "/Users/mac/Documents/GitHub/MacLearn/Source/opencv-3.4.6/BuildXcode/apps/version";
				USE_HEADERMAP = NO;
				WARNING_CFLAGS = ("-Wmost","-Wno-four-char-constants","-Wno-unknown-pragmas","$(inherited)");
			};
			name = Debug;
		};
		DFBEA3A8FFD84A99988B67AB /* Debug */ = {
			isa = XCBuildConfiguration;
			buildSettings = {
				COMBINE_HIDPI_IMAGES = YES;
				CONFIGURATION_BUILD_DIR = "/Users/mac/Documents/GitHub/MacLearn/Source/opencv-3.4.6/BuildXcode/bin/Debug";
				EXECUTABLE_PREFIX = "";
				EXECUTABLE_SUFFIX = "";
				GCC_GENERATE_DEBUGGING_SYMBOLS = YES;
				GCC_INLINES_ARE_PRIVATE_EXTERN = NO;
				GCC_OPTIMIZATION_LEVEL = 0;
				GCC_PREPROCESSOR_DEFINITIONS = ("'CMAKE_INTDIR=\"$(CONFIGURATION)$(EFFECTIVE_PLATFORM_NAME)\"'","'__OPENCV_BUILD=1'","'__OPENCV_APPS=1'");
				GCC_SYMBOLS_PRIVATE_EXTERN = NO;
				HEADER_SEARCH_PATHS = ("/Users/mac/Documents/GitHub/MacLearn/Source/opencv-3.4.6/BuildXcode/3rdparty/ippicv/ippicv_mac/icv/include","/Users/mac/Documents/GitHub/MacLearn/Source/opencv-3.4.6/BuildXcode/3rdparty/ippicv/ippicv_mac/iw/include","/Users/mac/Documents/GitHub/MacLearn/Source/opencv-3.4.6/BuildXcode","/Users/mac/Documents/GitHub/MacLearn/Source/opencv-3.4.6/modules/core/include","/Users/mac/Documents/GitHub/MacLearn/Source/opencv-3.4.6/apps/version/PRIVATE","/Users/mac/Documents/GitHub/MacLearn/Source/opencv-3.4.6/include/opencv");
				INSTALL_PATH = "";
				LD_RUNPATH_SEARCH_PATHS = "/Users/mac/Documents/GitHub/MacLearn/Source/opencv-3.4.6/BuildXcode/lib/Debug /usr/local/lib";
				LIBRARY_SEARCH_PATHS = " /usr/local/lib/$(CONFIGURATION)$(EFFECTIVE_PLATFORM_NAME) /usr/local/lib";
				OTHER_CPLUSPLUSFLAGS = "   -fsigned-char -W -Wall -Werror=return-type -Werror=non-virtual-dtor -Werror=address -Werror=sequence-point -Wformat -Werror=format-security -Wmissing-declarations -Wmissing-prototypes -Wstrict-prototypes -Wundef -Winit-self -Wpointer-arith -Wshadow -Wsign-promo -Wuninitialized -Winit-self -Wno-delete-non-virtual-dtor -Wno-unnamed-type-template-args -Wno-comment -fdiagnostics-show-option -Wno-long-long -Qunused-arguments -Wno-semicolon-before-method-body -ffunction-sections -fdata-sections  -fvisibility=hidden -fvisibility-inlines-hidden         -DDEBUG -D_DEBUG -fPIE  ";
				OTHER_LDFLAGS = "  -Wl,-dead_strip   -Wl,-search_paths_first -Wl,-headerpad_max_install_names  /Users/mac/Documents/GitHub/MacLearn/Source/opencv-3.4.6/BuildXcode/3rdparty/lib/Debug/libippiw.a /Users/mac/Documents/GitHub/MacLearn/Source/opencv-3.4.6/BuildXcode/3rdparty/ippicv/ippicv_mac/icv/lib/intel64/libippicv.a /Users/mac/Documents/GitHub/MacLearn/Source/opencv-3.4.6/BuildXcode/lib/Debug/libopencv_core.3.4.6.dylib";
				OTHER_REZFLAGS = "";
				PRODUCT_NAME = opencv_version;
				SECTORDER_FLAGS = "";
				SYMROOT = "/Users/mac/Documents/GitHub/MacLearn/Source/opencv-3.4.6/BuildXcode/apps/version";
				USE_HEADERMAP = NO;
				WARNING_CFLAGS = ("-Wmost","-Wno-four-char-constants","-Wno-unknown-pragmas","$(inherited)");
			};
			name = Debug;
		};
		F0A388E6156843BDB08B88FA /* Release */ = {
			isa = XCBuildConfiguration;
			buildSettings = {
				ONLY_ACTIVE_ARCH = YES;
				SDKROOT = /Applications/Xcode.app/Contents/Developer/Platforms/MacOSX.platform/Developer/SDKs/MacOSX10.14.sdk;
				SYMROOT = "/Users/mac/Documents/GitHub/MacLearn/Source/opencv-3.4.6/BuildXcode/apps/version/build";
			};
			name = Release;
		};
/* End XCBuildConfiguration section */

/* Begin XCConfigurationList section */
		1972ED02ED0847D08C3F5DC1 /* Build configuration list for PBXAggregateTarget "ZERO_CHECK" */ = {
			isa = XCConfigurationList;
			buildConfigurations = (
				8BC86714C836486489419F31 /* Debug */,
				548612F1AE3F4011A194812D /* Release */,
			);
			defaultConfigurationIsVisible = 0;
			defaultConfigurationName = Debug;
		};
		2F4C6EA3C51A4698AD00FD5F /* Build configuration list for PBXNativeTarget "opencv_version" */ = {
			isa = XCConfigurationList;
			buildConfigurations = (
				DFBEA3A8FFD84A99988B67AB /* Debug */,
				AB067ECD983C421A907CC8E0 /* Release */,
			);
			defaultConfigurationIsVisible = 0;
			defaultConfigurationName = Debug;
		};
		2FA2E463A29A44839314570D /* Build configuration list for PBXAggregateTarget "ALL_BUILD" */ = {
			isa = XCConfigurationList;
			buildConfigurations = (
				D8D74875E65944379C6CDD44 /* Debug */,
				3669AF2C2F95473790C93CCE /* Release */,
			);
			defaultConfigurationIsVisible = 0;
			defaultConfigurationName = Debug;
		};
		35202C08725A4224BD38D72E /* Build configuration list for PBXAggregateTarget "install" */ = {
			isa = XCConfigurationList;
			buildConfigurations = (
				69124A1BF11348F6ABA10C67 /* Debug */,
				55050B53D73348F6AA35EE7F /* Release */,
			);
			defaultConfigurationIsVisible = 0;
			defaultConfigurationName = Debug;
		};
		4CA7B5D1004D4733B753C592 /* Build configuration list for PBXAggregateTarget "RUN_TESTS" */ = {
			isa = XCConfigurationList;
			buildConfigurations = (
				9178A23506DB43A180E308DF /* Debug */,
				9CAA1A4F563B402DA057BA5E /* Release */,
			);
			defaultConfigurationIsVisible = 0;
			defaultConfigurationName = Debug;
		};
		ABC167C8CB484E099C69C0CC /* Build configuration list for PBXAggregateTarget "package" */ = {
			isa = XCConfigurationList;
			buildConfigurations = (
				7D5BA3715BAD4005A312F127 /* Debug */,
				4D3B1F41EF774A43BF15BA82 /* Release */,
			);
			defaultConfigurationIsVisible = 0;
			defaultConfigurationName = Debug;
		};
		F6D36EB08EF64F63A9F679AC /* Build configuration list for PBXProject "opencv_version" */ = {
			isa = XCConfigurationList;
			buildConfigurations = (
				148EF849094E4755BBFB8308 /* Debug */,
				F0A388E6156843BDB08B88FA /* Release */,
			);
			defaultConfigurationIsVisible = 0;
			defaultConfigurationName = Debug;
		};
/* End XCConfigurationList section */
	};
	rootObject = DF421A38D40E426EBB24FF92 /* Project object */;
}
